// !$*UTF8*$!
{
	archiveVersion = 1;
	classes = {
	};
	objectVersion = 46;
	objects = {

/* Begin PBXBuildFile section */
		1FB87A4F85601591022BDD0A /* libPods-GWClient.a in Frameworks */ = {isa = PBXBuildFile; fileRef = EBD66F9DE551711E1FFEB575 /* libPods-GWClient.a */; };
		3817DBFD1E80CAA000FC72C1 /* ModifySignatureViewController.m in Sources */ = {isa = PBXBuildFile; fileRef = 3817DBF81E80CAA000FC72C1 /* ModifySignatureViewController.m */; };
		3817DBFE1E80CAA000FC72C1 /* ModifyViewController.m in Sources */ = {isa = PBXBuildFile; fileRef = 3817DBFA1E80CAA000FC72C1 /* ModifyViewController.m */; };
		3817DBFF1E80CAA000FC72C1 /* UserInfoViewController.m in Sources */ = {isa = PBXBuildFile; fileRef = 3817DBFC1E80CAA000FC72C1 /* UserInfoViewController.m */; };
		3817DC081E81066600FC72C1 /* Utils.m in Sources */ = {isa = PBXBuildFile; fileRef = 3817DC071E81066600FC72C1 /* Utils.m */; };
		3817DC0B1E810FDA00FC72C1 /* RegisterViewController.m in Sources */ = {isa = PBXBuildFile; fileRef = 3817DC0A1E810FDA00FC72C1 /* RegisterViewController.m */; };
		3817DC0E1E811EC900FC72C1 /* UserLogin.m in Sources */ = {isa = PBXBuildFile; fileRef = 3817DC0D1E811EC900FC72C1 /* UserLogin.m */; };
		383416861E82020300546AB0 /* MBProgressHUD.m in Sources */ = {isa = PBXBuildFile; fileRef = 383416851E82020300546AB0 /* MBProgressHUD.m */; };
		383416981E822A5400546AB0 /* PhotoEdittViewController.m in Sources */ = {isa = PBXBuildFile; fileRef = 383416971E822A5400546AB0 /* PhotoEdittViewController.m */; };
		3834169B1E8248DE00546AB0 /* ModifyHeadIconViewController.m in Sources */ = {isa = PBXBuildFile; fileRef = 3834169A1E8248DE00546AB0 /* ModifyHeadIconViewController.m */; };
		383416A11E8254C800546AB0 /* GWImagesDecoder.m in Sources */ = {isa = PBXBuildFile; fileRef = 3834169E1E8254C800546AB0 /* GWImagesDecoder.m */; };
		383416A21E8254C800546AB0 /* GWImagesEncoder.m in Sources */ = {isa = PBXBuildFile; fileRef = 383416A01E8254C800546AB0 /* GWImagesEncoder.m */; };
		38367FE31E835D0800CC7DDB /* RHSocketVariableLengthDecoder.m in Sources */ = {isa = PBXBuildFile; fileRef = 38367FE01E835D0800CC7DDB /* RHSocketVariableLengthDecoder.m */; };
		38367FE41E835D0800CC7DDB /* RHSocketVariableLengthEncoder.m in Sources */ = {isa = PBXBuildFile; fileRef = 38367FE21E835D0800CC7DDB /* RHSocketVariableLengthEncoder.m */; };
		383CBFFF1E7F68A000C62B29 /* UILabel+GPAligment.m in Sources */ = {isa = PBXBuildFile; fileRef = 383CBFFE1E7F68A000C62B29 /* UILabel+GPAligment.m */; };
		383CC0031E7F6DCE00C62B29 /* LeftVCTableViewCell.m in Sources */ = {isa = PBXBuildFile; fileRef = 383CC0021E7F6DCE00C62B29 /* LeftVCTableViewCell.m */; };
		383CC0051E7F702D00C62B29 /* 箭头@3x.png in Resources */ = {isa = PBXBuildFile; fileRef = 383CC0041E7F702D00C62B29 /* 箭头@3x.png */; };
		383CC0081E7F713400C62B29 /* SettingViewController.m in Sources */ = {isa = PBXBuildFile; fileRef = 383CC0071E7F713400C62B29 /* SettingViewController.m */; };
		383CC00B1E7F79C500C62B29 /* UserInfoModel.m in Sources */ = {isa = PBXBuildFile; fileRef = 383CC00A1E7F79C500C62B29 /* UserInfoModel.m */; };
		383CC0651E7FB52700C62B29 /* UserInfoTableViewCell.m in Sources */ = {isa = PBXBuildFile; fileRef = 383CC0641E7FB52700C62B29 /* UserInfoTableViewCell.m */; };
		38C7F03E1E7FF0BA00B1DBA8 /* tabbar_contacts@2x.png in Resources */ = {isa = PBXBuildFile; fileRef = 38C7F02E1E7FF0BA00B1DBA8 /* tabbar_contacts@2x.png */; };
		38C7F03F1E7FF0BA00B1DBA8 /* tabbar_contacts@3x.png in Resources */ = {isa = PBXBuildFile; fileRef = 38C7F02F1E7FF0BA00B1DBA8 /* tabbar_contacts@3x.png */; };
		38C7F0401E7FF0BA00B1DBA8 /* tabbar_contactsHL@2x.png in Resources */ = {isa = PBXBuildFile; fileRef = 38C7F0301E7FF0BA00B1DBA8 /* tabbar_contactsHL@2x.png */; };
		38C7F0411E7FF0BA00B1DBA8 /* tabbar_contactsHL@3x.png in Resources */ = {isa = PBXBuildFile; fileRef = 38C7F0311E7FF0BA00B1DBA8 /* tabbar_contactsHL@3x.png */; };
		38C7F0421E7FF0BA00B1DBA8 /* tabbar_discover@2x.png in Resources */ = {isa = PBXBuildFile; fileRef = 38C7F0321E7FF0BA00B1DBA8 /* tabbar_discover@2x.png */; };
		38C7F0431E7FF0BA00B1DBA8 /* tabbar_discover@3x.png in Resources */ = {isa = PBXBuildFile; fileRef = 38C7F0331E7FF0BA00B1DBA8 /* tabbar_discover@3x.png */; };
		38C7F0441E7FF0BA00B1DBA8 /* tabbar_discoverHL@2x.png in Resources */ = {isa = PBXBuildFile; fileRef = 38C7F0341E7FF0BA00B1DBA8 /* tabbar_discoverHL@2x.png */; };
		38C7F0451E7FF0BA00B1DBA8 /* tabbar_discoverHL@3x.png in Resources */ = {isa = PBXBuildFile; fileRef = 38C7F0351E7FF0BA00B1DBA8 /* tabbar_discoverHL@3x.png */; };
		38C7F0461E7FF0BA00B1DBA8 /* tabbar_mainframe@2x.png in Resources */ = {isa = PBXBuildFile; fileRef = 38C7F0361E7FF0BA00B1DBA8 /* tabbar_mainframe@2x.png */; };
		38C7F0471E7FF0BA00B1DBA8 /* tabbar_mainframe@3x.png in Resources */ = {isa = PBXBuildFile; fileRef = 38C7F0371E7FF0BA00B1DBA8 /* tabbar_mainframe@3x.png */; };
		38C7F0481E7FF0BA00B1DBA8 /* tabbar_mainframeHL@2x.png in Resources */ = {isa = PBXBuildFile; fileRef = 38C7F0381E7FF0BA00B1DBA8 /* tabbar_mainframeHL@2x.png */; };
		38C7F0491E7FF0BA00B1DBA8 /* tabbar_mainframeHL@3x.png in Resources */ = {isa = PBXBuildFile; fileRef = 38C7F0391E7FF0BA00B1DBA8 /* tabbar_mainframeHL@3x.png */; };
		38C7F04A1E7FF0BA00B1DBA8 /* tabbar_me@2x.png in Resources */ = {isa = PBXBuildFile; fileRef = 38C7F03A1E7FF0BA00B1DBA8 /* tabbar_me@2x.png */; };
		38C7F04B1E7FF0BA00B1DBA8 /* tabbar_me@3x.png in Resources */ = {isa = PBXBuildFile; fileRef = 38C7F03B1E7FF0BA00B1DBA8 /* tabbar_me@3x.png */; };
		38C7F04C1E7FF0BA00B1DBA8 /* tabbar_meHL@2x.png in Resources */ = {isa = PBXBuildFile; fileRef = 38C7F03C1E7FF0BA00B1DBA8 /* tabbar_meHL@2x.png */; };
		38C7F04D1E7FF0BA00B1DBA8 /* tabbar_meHL@3x.png in Resources */ = {isa = PBXBuildFile; fileRef = 38C7F03D1E7FF0BA00B1DBA8 /* tabbar_meHL@3x.png */; };
		38C7F0501E7FF92500B1DBA8 /* LoginViewController.m in Sources */ = {isa = PBXBuildFile; fileRef = 38C7F04E1E7FF92500B1DBA8 /* LoginViewController.m */; };
		38DD08C21E7BD63C00388CAE /* RHSocketChannel.m in Sources */ = {isa = PBXBuildFile; fileRef = 38DD08741E7BD63C00388CAE /* RHSocketChannel.m */; };
		38DD08C31E7BD63C00388CAE /* RHSocketConnection.m in Sources */ = {isa = PBXBuildFile; fileRef = 38DD08761E7BD63C00388CAE /* RHSocketConnection.m */; };
		38DD08C41E7BD63C00388CAE /* RHSocketUdpConnection.m in Sources */ = {isa = PBXBuildFile; fileRef = 38DD08781E7BD63C00388CAE /* RHSocketUdpConnection.m */; };
		38DD08C51E7BD63C00388CAE /* RHSocketBase64Decoder.m in Sources */ = {isa = PBXBuildFile; fileRef = 38DD087C1E7BD63C00388CAE /* RHSocketBase64Decoder.m */; };
		38DD08C61E7BD63C00388CAE /* RHSocketBase64Encoder.m in Sources */ = {isa = PBXBuildFile; fileRef = 38DD087E1E7BD63C00388CAE /* RHSocketBase64Encoder.m */; };
		38DD08C71E7BD63C00388CAE /* RHSocketZlibCompressionDecoder.m in Sources */ = {isa = PBXBuildFile; fileRef = 38DD08811E7BD63C00388CAE /* RHSocketZlibCompressionDecoder.m */; };
		38DD08C81E7BD63C00388CAE /* RHSocketZlibCompressionEncoder.m in Sources */ = {isa = PBXBuildFile; fileRef = 38DD08831E7BD63C00388CAE /* RHSocketZlibCompressionEncoder.m */; };
		38DD08C91E7BD63C00388CAE /* RHSocketProtobufDecoder.m in Sources */ = {isa = PBXBuildFile; fileRef = 38DD08861E7BD63C00388CAE /* RHSocketProtobufDecoder.m */; };
		38DD08CA1E7BD63C00388CAE /* RHSocketProtobufEncoder.m in Sources */ = {isa = PBXBuildFile; fileRef = 38DD08881E7BD63C00388CAE /* RHSocketProtobufEncoder.m */; };
		38DD08CB1E7BD63C00388CAE /* RHSocketDelimiterDecoder.m in Sources */ = {isa = PBXBuildFile; fileRef = 38DD088B1E7BD63C00388CAE /* RHSocketDelimiterDecoder.m */; };
		38DD08CC1E7BD63C00388CAE /* RHSocketDelimiterEncoder.m in Sources */ = {isa = PBXBuildFile; fileRef = 38DD088D1E7BD63C00388CAE /* RHSocketDelimiterEncoder.m */; };
		38DD08CF1E7BD63C00388CAE /* NSDictionary+RHSocket.m in Sources */ = {isa = PBXBuildFile; fileRef = 38DD08941E7BD63C00388CAE /* NSDictionary+RHSocket.m */; };
		38DD08D01E7BD63C00388CAE /* RHSocketJSONSerializationDecoder.m in Sources */ = {isa = PBXBuildFile; fileRef = 38DD08961E7BD63C00388CAE /* RHSocketJSONSerializationDecoder.m */; };
		38DD08D11E7BD63C00388CAE /* RHSocketJSONSerializationEncoder.m in Sources */ = {isa = PBXBuildFile; fileRef = 38DD08981E7BD63C00388CAE /* RHSocketJSONSerializationEncoder.m */; };
		38DD08D21E7BD63C00388CAE /* RHSocketStringDecoder.m in Sources */ = {isa = PBXBuildFile; fileRef = 38DD089B1E7BD63C00388CAE /* RHSocketStringDecoder.m */; };
		38DD08D31E7BD63C00388CAE /* RHSocketStringEncoder.m in Sources */ = {isa = PBXBuildFile; fileRef = 38DD089D1E7BD63C00388CAE /* RHSocketStringEncoder.m */; };
		38DD08D41E7BD63C00388CAE /* RHSocketException.m in Sources */ = {isa = PBXBuildFile; fileRef = 38DD08A01E7BD63C00388CAE /* RHSocketException.m */; };
		38DD08D51E7BD63C00388CAE /* RHSocketPacketContext.m in Sources */ = {isa = PBXBuildFile; fileRef = 38DD08A41E7BD63C00388CAE /* RHSocketPacketContext.m */; };
		38DD08D61E7BD63C00388CAE /* RHSocketUtils.m in Sources */ = {isa = PBXBuildFile; fileRef = 38DD08A81E7BD63C00388CAE /* RHSocketUtils.m */; };
		38DD08D71E7BD63C00388CAE /* RHSocketService.m in Sources */ = {isa = PBXBuildFile; fileRef = 38DD08AB1E7BD63C00388CAE /* RHSocketService.m */; };
		38DD08D81E7BD63C00388CAE /* RHAuthCallReply.m in Sources */ = {isa = PBXBuildFile; fileRef = 38DD08AF1E7BD63C00388CAE /* RHAuthCallReply.m */; };
		38DD08D91E7BD63C00388CAE /* RHConnectCallReply.m in Sources */ = {isa = PBXBuildFile; fileRef = 38DD08B11E7BD63C00388CAE /* RHConnectCallReply.m */; };
		38DD08DA1E7BD63C00388CAE /* RHSocketCallReply.m in Sources */ = {isa = PBXBuildFile; fileRef = 38DD08B31E7BD63C00388CAE /* RHSocketCallReply.m */; };
		38DD08DB1E7BD63C00388CAE /* RHSocketCallReplyManager.m in Sources */ = {isa = PBXBuildFile; fileRef = 38DD08B51E7BD63C00388CAE /* RHSocketCallReplyManager.m */; };
		38DD08DC1E7BD63C00388CAE /* RHSocketChannelProxy.m in Sources */ = {isa = PBXBuildFile; fileRef = 38DD08B81E7BD63C00388CAE /* RHSocketChannelProxy.m */; };
		38DD08DD1E7BD63C00388CAE /* RHSocketRpcCmdDecoder.m in Sources */ = {isa = PBXBuildFile; fileRef = 38DD08BA1E7BD63C00388CAE /* RHSocketRpcCmdDecoder.m */; };
		38DD08DE1E7BD63C00388CAE /* RHSocketRpcCmdEncoder.m in Sources */ = {isa = PBXBuildFile; fileRef = 38DD08BC1E7BD63C00388CAE /* RHSocketRpcCmdEncoder.m */; };
		38DD08DF1E7BD63C00388CAE /* RHWebSocket.m in Sources */ = {isa = PBXBuildFile; fileRef = 38DD08BF1E7BD63C00388CAE /* RHWebSocket.m */; };
		38DD08E01E7BD63C00388CAE /* RHWebSocketConfig.m in Sources */ = {isa = PBXBuildFile; fileRef = 38DD08C11E7BD63C00388CAE /* RHWebSocketConfig.m */; };
		38DD08EB1E7BD70A00388CAE /* MMDrawerBarButtonItem.m in Sources */ = {isa = PBXBuildFile; fileRef = 38DD08E31E7BD70A00388CAE /* MMDrawerBarButtonItem.m */; };
		38DD08EC1E7BD70A00388CAE /* MMDrawerController.m in Sources */ = {isa = PBXBuildFile; fileRef = 38DD08E61E7BD70A00388CAE /* MMDrawerController.m */; };
		38DD08ED1E7BD70A00388CAE /* MMDrawerVisualState.m in Sources */ = {isa = PBXBuildFile; fileRef = 38DD08E81E7BD70A00388CAE /* MMDrawerVisualState.m */; };
		38DD08EE1E7BD70A00388CAE /* UIViewController+MMDrawerController.m in Sources */ = {isa = PBXBuildFile; fileRef = 38DD08EA1E7BD70A00388CAE /* UIViewController+MMDrawerController.m */; };
		38DD08F11E7BD77D00388CAE /* LeftViewController.m in Sources */ = {isa = PBXBuildFile; fileRef = 38DD08F01E7BD77D00388CAE /* LeftViewController.m */; };
		38DD09241E7BDDBB00388CAE /* bimar关于@3x.png in Resources */ = {isa = PBXBuildFile; fileRef = 38DD09021E7BDDBB00388CAE /* bimar关于@3x.png */; };
		38DD092D1E7BDDBB00388CAE /* bimar汉语@3x.png in Resources */ = {isa = PBXBuildFile; fileRef = 38DD090B1E7BDDBB00388CAE /* bimar汉语@3x.png */; };
		38DD092E1E7BDDBB00388CAE /* bimar背景@3x.png in Resources */ = {isa = PBXBuildFile; fileRef = 38DD090C1E7BDDBB00388CAE /* bimar背景@3x.png */; };
		38DD09321E7BDDBB00388CAE /* 列表更多@3x.png in Resources */ = {isa = PBXBuildFile; fileRef = 38DD09101E7BDDBB00388CAE /* 列表更多@3x.png */; };
		38DD09331E7BDDBB00388CAE /* 左侧栏背景@3x.png in Resources */ = {isa = PBXBuildFile; fileRef = 38DD09111E7BDDBB00388CAE /* 左侧栏背景@3x.png */; };
		38DD093A1E7BE00600388CAE /* GWClientTabBarController.m in Sources */ = {isa = PBXBuildFile; fileRef = 38DD09391E7BE00600388CAE /* GWClientTabBarController.m */; };
		38DD093D1E7BE0BC00388CAE /* DocViewController.m in Sources */ = {isa = PBXBuildFile; fileRef = 38DD093C1E7BE0BC00388CAE /* DocViewController.m */; };
		38DD09401E7BE0E300388CAE /* TransferListViewController.m in Sources */ = {isa = PBXBuildFile; fileRef = 38DD093F1E7BE0E300388CAE /* TransferListViewController.m */; };
		38DD09431E7BE0F300388CAE /* NewsViewController.m in Sources */ = {isa = PBXBuildFile; fileRef = 38DD09421E7BE0F300388CAE /* NewsViewController.m */; };
		38DD09471E7BE53900388CAE /* UIImage+RTTint.m in Sources */ = {isa = PBXBuildFile; fileRef = 38DD09461E7BE53900388CAE /* UIImage+RTTint.m */; };
		38E700551E7A895600336BDB /* main.m in Sources */ = {isa = PBXBuildFile; fileRef = 38E700541E7A895600336BDB /* main.m */; };
		38E7005E1E7A895600336BDB /* Main.storyboard in Resources */ = {isa = PBXBuildFile; fileRef = 38E7005C1E7A895600336BDB /* Main.storyboard */; };
		38E700601E7A895600336BDB /* Assets.xcassets in Resources */ = {isa = PBXBuildFile; fileRef = 38E7005F1E7A895600336BDB /* Assets.xcassets */; };
		38E700631E7A895600336BDB /* LaunchScreen.storyboard in Resources */ = {isa = PBXBuildFile; fileRef = 38E700611E7A895600336BDB /* LaunchScreen.storyboard */; };
		38E7006E1E7A895600336BDB /* GWClientTests.m in Sources */ = {isa = PBXBuildFile; fileRef = 38E7006D1E7A895600336BDB /* GWClientTests.m */; };
		38E700791E7A895600336BDB /* GWClientUITests.m in Sources */ = {isa = PBXBuildFile; fileRef = 38E700781E7A895600336BDB /* GWClientUITests.m */; };
		38E700891E7A8A4400336BDB /* AppDelegate.m in Sources */ = {isa = PBXBuildFile; fileRef = 38E700881E7A8A4400336BDB /* AppDelegate.m */; };
/* End PBXBuildFile section */

/* Begin PBXContainerItemProxy section */
		38E7006A1E7A895600336BDB /* PBXContainerItemProxy */ = {
			isa = PBXContainerItemProxy;
			containerPortal = 38E700481E7A895600336BDB /* Project object */;
			proxyType = 1;
			remoteGlobalIDString = 38E7004F1E7A895600336BDB;
			remoteInfo = GWClient;
		};
		38E700751E7A895600336BDB /* PBXContainerItemProxy */ = {
			isa = PBXContainerItemProxy;
			containerPortal = 38E700481E7A895600336BDB /* Project object */;
			proxyType = 1;
			remoteGlobalIDString = 38E7004F1E7A895600336BDB;
			remoteInfo = GWClient;
		};
/* End PBXContainerItemProxy section */

/* Begin PBXFileReference section */
		3817DBF71E80CAA000FC72C1 /* ModifySignatureViewController.h */ = {isa = PBXFileReference; fileEncoding = 4; lastKnownFileType = sourcecode.c.h; path = ModifySignatureViewController.h; sourceTree = "<group>"; };
		3817DBF81E80CAA000FC72C1 /* ModifySignatureViewController.m */ = {isa = PBXFileReference; fileEncoding = 4; lastKnownFileType = sourcecode.c.objc; path = ModifySignatureViewController.m; sourceTree = "<group>"; };
		3817DBF91E80CAA000FC72C1 /* ModifyViewController.h */ = {isa = PBXFileReference; fileEncoding = 4; lastKnownFileType = sourcecode.c.h; path = ModifyViewController.h; sourceTree = "<group>"; };
		3817DBFA1E80CAA000FC72C1 /* ModifyViewController.m */ = {isa = PBXFileReference; fileEncoding = 4; lastKnownFileType = sourcecode.c.objc; path = ModifyViewController.m; sourceTree = "<group>"; };
		3817DBFB1E80CAA000FC72C1 /* UserInfoViewController.h */ = {isa = PBXFileReference; fileEncoding = 4; lastKnownFileType = sourcecode.c.h; path = UserInfoViewController.h; sourceTree = "<group>"; };
		3817DBFC1E80CAA000FC72C1 /* UserInfoViewController.m */ = {isa = PBXFileReference; fileEncoding = 4; lastKnownFileType = sourcecode.c.objc; path = UserInfoViewController.m; sourceTree = "<group>"; };
		3817DC061E81066600FC72C1 /* Utils.h */ = {isa = PBXFileReference; fileEncoding = 4; lastKnownFileType = sourcecode.c.h; path = Utils.h; sourceTree = "<group>"; };
		3817DC071E81066600FC72C1 /* Utils.m */ = {isa = PBXFileReference; fileEncoding = 4; lastKnownFileType = sourcecode.c.objc; path = Utils.m; sourceTree = "<group>"; };
		3817DC091E810FDA00FC72C1 /* RegisterViewController.h */ = {isa = PBXFileReference; fileEncoding = 4; lastKnownFileType = sourcecode.c.h; path = RegisterViewController.h; sourceTree = "<group>"; };
		3817DC0A1E810FDA00FC72C1 /* RegisterViewController.m */ = {isa = PBXFileReference; fileEncoding = 4; lastKnownFileType = sourcecode.c.objc; path = RegisterViewController.m; sourceTree = "<group>"; };
		3817DC0C1E811EC900FC72C1 /* UserLogin.h */ = {isa = PBXFileReference; fileEncoding = 4; lastKnownFileType = sourcecode.c.h; path = UserLogin.h; sourceTree = "<group>"; };
		3817DC0D1E811EC900FC72C1 /* UserLogin.m */ = {isa = PBXFileReference; fileEncoding = 4; lastKnownFileType = sourcecode.c.objc; path = UserLogin.m; sourceTree = "<group>"; };
		383416841E82020300546AB0 /* MBProgressHUD.h */ = {isa = PBXFileReference; fileEncoding = 4; lastKnownFileType = sourcecode.c.h; path = MBProgressHUD.h; sourceTree = "<group>"; };
		383416851E82020300546AB0 /* MBProgressHUD.m */ = {isa = PBXFileReference; fileEncoding = 4; lastKnownFileType = sourcecode.c.objc; path = MBProgressHUD.m; sourceTree = "<group>"; };
		383416961E822A5400546AB0 /* PhotoEdittViewController.h */ = {isa = PBXFileReference; fileEncoding = 4; lastKnownFileType = sourcecode.c.h; path = PhotoEdittViewController.h; sourceTree = "<group>"; };
		383416971E822A5400546AB0 /* PhotoEdittViewController.m */ = {isa = PBXFileReference; fileEncoding = 4; lastKnownFileType = sourcecode.c.objc; path = PhotoEdittViewController.m; sourceTree = "<group>"; };
		383416991E8248DE00546AB0 /* ModifyHeadIconViewController.h */ = {isa = PBXFileReference; fileEncoding = 4; lastKnownFileType = sourcecode.c.h; path = ModifyHeadIconViewController.h; sourceTree = "<group>"; };
		3834169A1E8248DE00546AB0 /* ModifyHeadIconViewController.m */ = {isa = PBXFileReference; fileEncoding = 4; lastKnownFileType = sourcecode.c.objc; path = ModifyHeadIconViewController.m; sourceTree = "<group>"; };
		3834169D1E8254C800546AB0 /* GWImagesDecoder.h */ = {isa = PBXFileReference; fileEncoding = 4; lastKnownFileType = sourcecode.c.h; path = GWImagesDecoder.h; sourceTree = "<group>"; };
		3834169E1E8254C800546AB0 /* GWImagesDecoder.m */ = {isa = PBXFileReference; fileEncoding = 4; lastKnownFileType = sourcecode.c.objc; path = GWImagesDecoder.m; sourceTree = "<group>"; };
		3834169F1E8254C800546AB0 /* GWImagesEncoder.h */ = {isa = PBXFileReference; fileEncoding = 4; lastKnownFileType = sourcecode.c.h; path = GWImagesEncoder.h; sourceTree = "<group>"; };
		383416A01E8254C800546AB0 /* GWImagesEncoder.m */ = {isa = PBXFileReference; fileEncoding = 4; lastKnownFileType = sourcecode.c.objc; path = GWImagesEncoder.m; sourceTree = "<group>"; };
		38367FDF1E835D0800CC7DDB /* RHSocketVariableLengthDecoder.h */ = {isa = PBXFileReference; fileEncoding = 4; lastKnownFileType = sourcecode.c.h; path = RHSocketVariableLengthDecoder.h; sourceTree = "<group>"; };
		38367FE01E835D0800CC7DDB /* RHSocketVariableLengthDecoder.m */ = {isa = PBXFileReference; fileEncoding = 4; lastKnownFileType = sourcecode.c.objc; path = RHSocketVariableLengthDecoder.m; sourceTree = "<group>"; };
		38367FE11E835D0800CC7DDB /* RHSocketVariableLengthEncoder.h */ = {isa = PBXFileReference; fileEncoding = 4; lastKnownFileType = sourcecode.c.h; path = RHSocketVariableLengthEncoder.h; sourceTree = "<group>"; };
		38367FE21E835D0800CC7DDB /* RHSocketVariableLengthEncoder.m */ = {isa = PBXFileReference; fileEncoding = 4; lastKnownFileType = sourcecode.c.objc; path = RHSocketVariableLengthEncoder.m; sourceTree = "<group>"; };
		383CBFFD1E7F68A000C62B29 /* UILabel+GPAligment.h */ = {isa = PBXFileReference; fileEncoding = 4; lastKnownFileType = sourcecode.c.h; path = "UILabel+GPAligment.h"; sourceTree = "<group>"; };
		383CBFFE1E7F68A000C62B29 /* UILabel+GPAligment.m */ = {isa = PBXFileReference; fileEncoding = 4; lastKnownFileType = sourcecode.c.objc; path = "UILabel+GPAligment.m"; sourceTree = "<group>"; };
		383CC0011E7F6DCE00C62B29 /* LeftVCTableViewCell.h */ = {isa = PBXFileReference; fileEncoding = 4; lastKnownFileType = sourcecode.c.h; path = LeftVCTableViewCell.h; sourceTree = "<group>"; };
		383CC0021E7F6DCE00C62B29 /* LeftVCTableViewCell.m */ = {isa = PBXFileReference; fileEncoding = 4; lastKnownFileType = sourcecode.c.objc; path = LeftVCTableViewCell.m; sourceTree = "<group>"; };
		383CC0041E7F702D00C62B29 /* 箭头@3x.png */ = {isa = PBXFileReference; lastKnownFileType = image.png; path = "箭头@3x.png"; sourceTree = "<group>"; };
		383CC0061E7F713400C62B29 /* SettingViewController.h */ = {isa = PBXFileReference; fileEncoding = 4; lastKnownFileType = sourcecode.c.h; path = SettingViewController.h; sourceTree = "<group>"; };
		383CC0071E7F713400C62B29 /* SettingViewController.m */ = {isa = PBXFileReference; fileEncoding = 4; lastKnownFileType = sourcecode.c.objc; path = SettingViewController.m; sourceTree = "<group>"; };
		383CC0091E7F79C500C62B29 /* UserInfoModel.h */ = {isa = PBXFileReference; fileEncoding = 4; lastKnownFileType = sourcecode.c.h; path = UserInfoModel.h; sourceTree = "<group>"; };
		383CC00A1E7F79C500C62B29 /* UserInfoModel.m */ = {isa = PBXFileReference; fileEncoding = 4; lastKnownFileType = sourcecode.c.objc; path = UserInfoModel.m; sourceTree = "<group>"; };
		383CC0101E7F7F6300C62B29 /* Define.h */ = {isa = PBXFileReference; lastKnownFileType = sourcecode.c.h; path = Define.h; sourceTree = "<group>"; };
		383CC0631E7FB52700C62B29 /* UserInfoTableViewCell.h */ = {isa = PBXFileReference; fileEncoding = 4; lastKnownFileType = sourcecode.c.h; path = UserInfoTableViewCell.h; sourceTree = "<group>"; };
		383CC0641E7FB52700C62B29 /* UserInfoTableViewCell.m */ = {isa = PBXFileReference; fileEncoding = 4; lastKnownFileType = sourcecode.c.objc; path = UserInfoTableViewCell.m; sourceTree = "<group>"; };
		38C7F02E1E7FF0BA00B1DBA8 /* tabbar_contacts@2x.png */ = {isa = PBXFileReference; lastKnownFileType = image.png; path = "tabbar_contacts@2x.png"; sourceTree = "<group>"; };
		38C7F02F1E7FF0BA00B1DBA8 /* tabbar_contacts@3x.png */ = {isa = PBXFileReference; lastKnownFileType = image.png; path = "tabbar_contacts@3x.png"; sourceTree = "<group>"; };
		38C7F0301E7FF0BA00B1DBA8 /* tabbar_contactsHL@2x.png */ = {isa = PBXFileReference; lastKnownFileType = image.png; path = "tabbar_contactsHL@2x.png"; sourceTree = "<group>"; };
		38C7F0311E7FF0BA00B1DBA8 /* tabbar_contactsHL@3x.png */ = {isa = PBXFileReference; lastKnownFileType = image.png; path = "tabbar_contactsHL@3x.png"; sourceTree = "<group>"; };
		38C7F0321E7FF0BA00B1DBA8 /* tabbar_discover@2x.png */ = {isa = PBXFileReference; lastKnownFileType = image.png; path = "tabbar_discover@2x.png"; sourceTree = "<group>"; };
		38C7F0331E7FF0BA00B1DBA8 /* tabbar_discover@3x.png */ = {isa = PBXFileReference; lastKnownFileType = image.png; path = "tabbar_discover@3x.png"; sourceTree = "<group>"; };
		38C7F0341E7FF0BA00B1DBA8 /* tabbar_discoverHL@2x.png */ = {isa = PBXFileReference; lastKnownFileType = image.png; path = "tabbar_discoverHL@2x.png"; sourceTree = "<group>"; };
		38C7F0351E7FF0BA00B1DBA8 /* tabbar_discoverHL@3x.png */ = {isa = PBXFileReference; lastKnownFileType = image.png; path = "tabbar_discoverHL@3x.png"; sourceTree = "<group>"; };
		38C7F0361E7FF0BA00B1DBA8 /* tabbar_mainframe@2x.png */ = {isa = PBXFileReference; lastKnownFileType = image.png; path = "tabbar_mainframe@2x.png"; sourceTree = "<group>"; };
		38C7F0371E7FF0BA00B1DBA8 /* tabbar_mainframe@3x.png */ = {isa = PBXFileReference; lastKnownFileType = image.png; path = "tabbar_mainframe@3x.png"; sourceTree = "<group>"; };
		38C7F0381E7FF0BA00B1DBA8 /* tabbar_mainframeHL@2x.png */ = {isa = PBXFileReference; lastKnownFileType = image.png; path = "tabbar_mainframeHL@2x.png"; sourceTree = "<group>"; };
		38C7F0391E7FF0BA00B1DBA8 /* tabbar_mainframeHL@3x.png */ = {isa = PBXFileReference; lastKnownFileType = image.png; path = "tabbar_mainframeHL@3x.png"; sourceTree = "<group>"; };
		38C7F03A1E7FF0BA00B1DBA8 /* tabbar_me@2x.png */ = {isa = PBXFileReference; lastKnownFileType = image.png; path = "tabbar_me@2x.png"; sourceTree = "<group>"; };
		38C7F03B1E7FF0BA00B1DBA8 /* tabbar_me@3x.png */ = {isa = PBXFileReference; lastKnownFileType = image.png; path = "tabbar_me@3x.png"; sourceTree = "<group>"; };
		38C7F03C1E7FF0BA00B1DBA8 /* tabbar_meHL@2x.png */ = {isa = PBXFileReference; lastKnownFileType = image.png; path = "tabbar_meHL@2x.png"; sourceTree = "<group>"; };
		38C7F03D1E7FF0BA00B1DBA8 /* tabbar_meHL@3x.png */ = {isa = PBXFileReference; lastKnownFileType = image.png; path = "tabbar_meHL@3x.png"; sourceTree = "<group>"; };
		38C7F04E1E7FF92500B1DBA8 /* LoginViewController.m */ = {isa = PBXFileReference; fileEncoding = 4; lastKnownFileType = sourcecode.c.objc; path = LoginViewController.m; sourceTree = "<group>"; };
		38C7F04F1E7FF92500B1DBA8 /* LoginViewController.h */ = {isa = PBXFileReference; fileEncoding = 4; lastKnownFileType = sourcecode.c.h; path = LoginViewController.h; sourceTree = "<group>"; };
		38DD08731E7BD63C00388CAE /* RHSocketChannel.h */ = {isa = PBXFileReference; fileEncoding = 4; lastKnownFileType = sourcecode.c.h; path = RHSocketChannel.h; sourceTree = "<group>"; };
		38DD08741E7BD63C00388CAE /* RHSocketChannel.m */ = {isa = PBXFileReference; fileEncoding = 4; lastKnownFileType = sourcecode.c.objc; path = RHSocketChannel.m; sourceTree = "<group>"; };
		38DD08751E7BD63C00388CAE /* RHSocketConnection.h */ = {isa = PBXFileReference; fileEncoding = 4; lastKnownFileType = sourcecode.c.h; path = RHSocketConnection.h; sourceTree = "<group>"; };
		38DD08761E7BD63C00388CAE /* RHSocketConnection.m */ = {isa = PBXFileReference; fileEncoding = 4; lastKnownFileType = sourcecode.c.objc; path = RHSocketConnection.m; sourceTree = "<group>"; };
		38DD08771E7BD63C00388CAE /* RHSocketUdpConnection.h */ = {isa = PBXFileReference; fileEncoding = 4; lastKnownFileType = sourcecode.c.h; path = RHSocketUdpConnection.h; sourceTree = "<group>"; };
		38DD08781E7BD63C00388CAE /* RHSocketUdpConnection.m */ = {isa = PBXFileReference; fileEncoding = 4; lastKnownFileType = sourcecode.c.objc; path = RHSocketUdpConnection.m; sourceTree = "<group>"; };
		38DD087B1E7BD63C00388CAE /* RHSocketBase64Decoder.h */ = {isa = PBXFileReference; fileEncoding = 4; lastKnownFileType = sourcecode.c.h; path = RHSocketBase64Decoder.h; sourceTree = "<group>"; };
		38DD087C1E7BD63C00388CAE /* RHSocketBase64Decoder.m */ = {isa = PBXFileReference; fileEncoding = 4; lastKnownFileType = sourcecode.c.objc; path = RHSocketBase64Decoder.m; sourceTree = "<group>"; };
		38DD087D1E7BD63C00388CAE /* RHSocketBase64Encoder.h */ = {isa = PBXFileReference; fileEncoding = 4; lastKnownFileType = sourcecode.c.h; path = RHSocketBase64Encoder.h; sourceTree = "<group>"; };
		38DD087E1E7BD63C00388CAE /* RHSocketBase64Encoder.m */ = {isa = PBXFileReference; fileEncoding = 4; lastKnownFileType = sourcecode.c.objc; path = RHSocketBase64Encoder.m; sourceTree = "<group>"; };
		38DD08801E7BD63C00388CAE /* RHSocketZlibCompressionDecoder.h */ = {isa = PBXFileReference; fileEncoding = 4; lastKnownFileType = sourcecode.c.h; path = RHSocketZlibCompressionDecoder.h; sourceTree = "<group>"; };
		38DD08811E7BD63C00388CAE /* RHSocketZlibCompressionDecoder.m */ = {isa = PBXFileReference; fileEncoding = 4; lastKnownFileType = sourcecode.c.objc; path = RHSocketZlibCompressionDecoder.m; sourceTree = "<group>"; };
		38DD08821E7BD63C00388CAE /* RHSocketZlibCompressionEncoder.h */ = {isa = PBXFileReference; fileEncoding = 4; lastKnownFileType = sourcecode.c.h; path = RHSocketZlibCompressionEncoder.h; sourceTree = "<group>"; };
		38DD08831E7BD63C00388CAE /* RHSocketZlibCompressionEncoder.m */ = {isa = PBXFileReference; fileEncoding = 4; lastKnownFileType = sourcecode.c.objc; path = RHSocketZlibCompressionEncoder.m; sourceTree = "<group>"; };
		38DD08851E7BD63C00388CAE /* RHSocketProtobufDecoder.h */ = {isa = PBXFileReference; fileEncoding = 4; lastKnownFileType = sourcecode.c.h; path = RHSocketProtobufDecoder.h; sourceTree = "<group>"; };
		38DD08861E7BD63C00388CAE /* RHSocketProtobufDecoder.m */ = {isa = PBXFileReference; fileEncoding = 4; lastKnownFileType = sourcecode.c.objc; path = RHSocketProtobufDecoder.m; sourceTree = "<group>"; };
		38DD08871E7BD63C00388CAE /* RHSocketProtobufEncoder.h */ = {isa = PBXFileReference; fileEncoding = 4; lastKnownFileType = sourcecode.c.h; path = RHSocketProtobufEncoder.h; sourceTree = "<group>"; };
		38DD08881E7BD63C00388CAE /* RHSocketProtobufEncoder.m */ = {isa = PBXFileReference; fileEncoding = 4; lastKnownFileType = sourcecode.c.objc; path = RHSocketProtobufEncoder.m; sourceTree = "<group>"; };
		38DD08891E7BD63C00388CAE /* RHSocketCodecProtocol.h */ = {isa = PBXFileReference; fileEncoding = 4; lastKnownFileType = sourcecode.c.h; path = RHSocketCodecProtocol.h; sourceTree = "<group>"; };
		38DD088A1E7BD63C00388CAE /* RHSocketDelimiterDecoder.h */ = {isa = PBXFileReference; fileEncoding = 4; lastKnownFileType = sourcecode.c.h; path = RHSocketDelimiterDecoder.h; sourceTree = "<group>"; };
		38DD088B1E7BD63C00388CAE /* RHSocketDelimiterDecoder.m */ = {isa = PBXFileReference; fileEncoding = 4; lastKnownFileType = sourcecode.c.objc; path = RHSocketDelimiterDecoder.m; sourceTree = "<group>"; };
		38DD088C1E7BD63C00388CAE /* RHSocketDelimiterEncoder.h */ = {isa = PBXFileReference; fileEncoding = 4; lastKnownFileType = sourcecode.c.h; path = RHSocketDelimiterEncoder.h; sourceTree = "<group>"; };
		38DD088D1E7BD63C00388CAE /* RHSocketDelimiterEncoder.m */ = {isa = PBXFileReference; fileEncoding = 4; lastKnownFileType = sourcecode.c.objc; path = RHSocketDelimiterEncoder.m; sourceTree = "<group>"; };
		38DD08931E7BD63C00388CAE /* NSDictionary+RHSocket.h */ = {isa = PBXFileReference; fileEncoding = 4; lastKnownFileType = sourcecode.c.h; path = "NSDictionary+RHSocket.h"; sourceTree = "<group>"; };
		38DD08941E7BD63C00388CAE /* NSDictionary+RHSocket.m */ = {isa = PBXFileReference; fileEncoding = 4; lastKnownFileType = sourcecode.c.objc; path = "NSDictionary+RHSocket.m"; sourceTree = "<group>"; };
		38DD08951E7BD63C00388CAE /* RHSocketJSONSerializationDecoder.h */ = {isa = PBXFileReference; fileEncoding = 4; lastKnownFileType = sourcecode.c.h; path = RHSocketJSONSerializationDecoder.h; sourceTree = "<group>"; };
		38DD08961E7BD63C00388CAE /* RHSocketJSONSerializationDecoder.m */ = {isa = PBXFileReference; fileEncoding = 4; lastKnownFileType = sourcecode.c.objc; path = RHSocketJSONSerializationDecoder.m; sourceTree = "<group>"; };
		38DD08971E7BD63C00388CAE /* RHSocketJSONSerializationEncoder.h */ = {isa = PBXFileReference; fileEncoding = 4; lastKnownFileType = sourcecode.c.h; path = RHSocketJSONSerializationEncoder.h; sourceTree = "<group>"; };
		38DD08981E7BD63C00388CAE /* RHSocketJSONSerializationEncoder.m */ = {isa = PBXFileReference; fileEncoding = 4; lastKnownFileType = sourcecode.c.objc; path = RHSocketJSONSerializationEncoder.m; sourceTree = "<group>"; };
		38DD089A1E7BD63C00388CAE /* RHSocketStringDecoder.h */ = {isa = PBXFileReference; fileEncoding = 4; lastKnownFileType = sourcecode.c.h; path = RHSocketStringDecoder.h; sourceTree = "<group>"; };
		38DD089B1E7BD63C00388CAE /* RHSocketStringDecoder.m */ = {isa = PBXFileReference; fileEncoding = 4; lastKnownFileType = sourcecode.c.objc; path = RHSocketStringDecoder.m; sourceTree = "<group>"; };
		38DD089C1E7BD63C00388CAE /* RHSocketStringEncoder.h */ = {isa = PBXFileReference; fileEncoding = 4; lastKnownFileType = sourcecode.c.h; path = RHSocketStringEncoder.h; sourceTree = "<group>"; };
		38DD089D1E7BD63C00388CAE /* RHSocketStringEncoder.m */ = {isa = PBXFileReference; fileEncoding = 4; lastKnownFileType = sourcecode.c.objc; path = RHSocketStringEncoder.m; sourceTree = "<group>"; };
		38DD089F1E7BD63C00388CAE /* RHSocketException.h */ = {isa = PBXFileReference; fileEncoding = 4; lastKnownFileType = sourcecode.c.h; path = RHSocketException.h; sourceTree = "<group>"; };
		38DD08A01E7BD63C00388CAE /* RHSocketException.m */ = {isa = PBXFileReference; fileEncoding = 4; lastKnownFileType = sourcecode.c.objc; path = RHSocketException.m; sourceTree = "<group>"; };
		38DD08A21E7BD63C00388CAE /* RHSocketPacket.h */ = {isa = PBXFileReference; fileEncoding = 4; lastKnownFileType = sourcecode.c.h; path = RHSocketPacket.h; sourceTree = "<group>"; };
		38DD08A31E7BD63C00388CAE /* RHSocketPacketContext.h */ = {isa = PBXFileReference; fileEncoding = 4; lastKnownFileType = sourcecode.c.h; path = RHSocketPacketContext.h; sourceTree = "<group>"; };
		38DD08A41E7BD63C00388CAE /* RHSocketPacketContext.m */ = {isa = PBXFileReference; fileEncoding = 4; lastKnownFileType = sourcecode.c.objc; path = RHSocketPacketContext.m; sourceTree = "<group>"; };
		38DD08A51E7BD63C00388CAE /* RHSocketConfig.h */ = {isa = PBXFileReference; fileEncoding = 4; lastKnownFileType = sourcecode.c.h; path = RHSocketConfig.h; sourceTree = "<group>"; };
		38DD08A71E7BD63C00388CAE /* RHSocketUtils.h */ = {isa = PBXFileReference; fileEncoding = 4; lastKnownFileType = sourcecode.c.h; path = RHSocketUtils.h; sourceTree = "<group>"; };
		38DD08A81E7BD63C00388CAE /* RHSocketUtils.m */ = {isa = PBXFileReference; fileEncoding = 4; lastKnownFileType = sourcecode.c.objc; path = RHSocketUtils.m; sourceTree = "<group>"; };
		38DD08AA1E7BD63C00388CAE /* RHSocketService.h */ = {isa = PBXFileReference; fileEncoding = 4; lastKnownFileType = sourcecode.c.h; path = RHSocketService.h; sourceTree = "<group>"; };
		38DD08AB1E7BD63C00388CAE /* RHSocketService.m */ = {isa = PBXFileReference; fileEncoding = 4; lastKnownFileType = sourcecode.c.objc; path = RHSocketService.m; sourceTree = "<group>"; };
		38DD08AE1E7BD63C00388CAE /* RHAuthCallReply.h */ = {isa = PBXFileReference; fileEncoding = 4; lastKnownFileType = sourcecode.c.h; path = RHAuthCallReply.h; sourceTree = "<group>"; };
		38DD08AF1E7BD63C00388CAE /* RHAuthCallReply.m */ = {isa = PBXFileReference; fileEncoding = 4; lastKnownFileType = sourcecode.c.objc; path = RHAuthCallReply.m; sourceTree = "<group>"; };
		38DD08B01E7BD63C00388CAE /* RHConnectCallReply.h */ = {isa = PBXFileReference; fileEncoding = 4; lastKnownFileType = sourcecode.c.h; path = RHConnectCallReply.h; sourceTree = "<group>"; };
		38DD08B11E7BD63C00388CAE /* RHConnectCallReply.m */ = {isa = PBXFileReference; fileEncoding = 4; lastKnownFileType = sourcecode.c.objc; path = RHConnectCallReply.m; sourceTree = "<group>"; };
		38DD08B21E7BD63C00388CAE /* RHSocketCallReply.h */ = {isa = PBXFileReference; fileEncoding = 4; lastKnownFileType = sourcecode.c.h; path = RHSocketCallReply.h; sourceTree = "<group>"; };
		38DD08B31E7BD63C00388CAE /* RHSocketCallReply.m */ = {isa = PBXFileReference; fileEncoding = 4; lastKnownFileType = sourcecode.c.objc; path = RHSocketCallReply.m; sourceTree = "<group>"; };
		38DD08B41E7BD63C00388CAE /* RHSocketCallReplyManager.h */ = {isa = PBXFileReference; fileEncoding = 4; lastKnownFileType = sourcecode.c.h; path = RHSocketCallReplyManager.h; sourceTree = "<group>"; };
		38DD08B51E7BD63C00388CAE /* RHSocketCallReplyManager.m */ = {isa = PBXFileReference; fileEncoding = 4; lastKnownFileType = sourcecode.c.objc; path = RHSocketCallReplyManager.m; sourceTree = "<group>"; };
		38DD08B61E7BD63C00388CAE /* RHSocketCallReplyProtocol.h */ = {isa = PBXFileReference; fileEncoding = 4; lastKnownFileType = sourcecode.c.h; path = RHSocketCallReplyProtocol.h; sourceTree = "<group>"; };
		38DD08B71E7BD63C00388CAE /* RHSocketChannelProxy.h */ = {isa = PBXFileReference; fileEncoding = 4; lastKnownFileType = sourcecode.c.h; path = RHSocketChannelProxy.h; sourceTree = "<group>"; };
		38DD08B81E7BD63C00388CAE /* RHSocketChannelProxy.m */ = {isa = PBXFileReference; fileEncoding = 4; lastKnownFileType = sourcecode.c.objc; path = RHSocketChannelProxy.m; sourceTree = "<group>"; };
		38DD08B91E7BD63C00388CAE /* RHSocketRpcCmdDecoder.h */ = {isa = PBXFileReference; fileEncoding = 4; lastKnownFileType = sourcecode.c.h; path = RHSocketRpcCmdDecoder.h; sourceTree = "<group>"; };
		38DD08BA1E7BD63C00388CAE /* RHSocketRpcCmdDecoder.m */ = {isa = PBXFileReference; fileEncoding = 4; lastKnownFileType = sourcecode.c.objc; path = RHSocketRpcCmdDecoder.m; sourceTree = "<group>"; };
		38DD08BB1E7BD63C00388CAE /* RHSocketRpcCmdEncoder.h */ = {isa = PBXFileReference; fileEncoding = 4; lastKnownFileType = sourcecode.c.h; path = RHSocketRpcCmdEncoder.h; sourceTree = "<group>"; };
		38DD08BC1E7BD63C00388CAE /* RHSocketRpcCmdEncoder.m */ = {isa = PBXFileReference; fileEncoding = 4; lastKnownFileType = sourcecode.c.objc; path = RHSocketRpcCmdEncoder.m; sourceTree = "<group>"; };
		38DD08BE1E7BD63C00388CAE /* RHWebSocket.h */ = {isa = PBXFileReference; fileEncoding = 4; lastKnownFileType = sourcecode.c.h; path = RHWebSocket.h; sourceTree = "<group>"; };
		38DD08BF1E7BD63C00388CAE /* RHWebSocket.m */ = {isa = PBXFileReference; fileEncoding = 4; lastKnownFileType = sourcecode.c.objc; path = RHWebSocket.m; sourceTree = "<group>"; };
		38DD08C01E7BD63C00388CAE /* RHWebSocketConfig.h */ = {isa = PBXFileReference; fileEncoding = 4; lastKnownFileType = sourcecode.c.h; path = RHWebSocketConfig.h; sourceTree = "<group>"; };
		38DD08C11E7BD63C00388CAE /* RHWebSocketConfig.m */ = {isa = PBXFileReference; fileEncoding = 4; lastKnownFileType = sourcecode.c.objc; path = RHWebSocketConfig.m; sourceTree = "<group>"; };
		38DD08E21E7BD70A00388CAE /* MMDrawerBarButtonItem.h */ = {isa = PBXFileReference; fileEncoding = 4; lastKnownFileType = sourcecode.c.h; path = MMDrawerBarButtonItem.h; sourceTree = "<group>"; };
		38DD08E31E7BD70A00388CAE /* MMDrawerBarButtonItem.m */ = {isa = PBXFileReference; fileEncoding = 4; lastKnownFileType = sourcecode.c.objc; path = MMDrawerBarButtonItem.m; sourceTree = "<group>"; };
		38DD08E41E7BD70A00388CAE /* MMDrawerController+Subclass.h */ = {isa = PBXFileReference; fileEncoding = 4; lastKnownFileType = sourcecode.c.h; path = "MMDrawerController+Subclass.h"; sourceTree = "<group>"; };
		38DD08E51E7BD70A00388CAE /* MMDrawerController.h */ = {isa = PBXFileReference; fileEncoding = 4; lastKnownFileType = sourcecode.c.h; path = MMDrawerController.h; sourceTree = "<group>"; };
		38DD08E61E7BD70A00388CAE /* MMDrawerController.m */ = {isa = PBXFileReference; fileEncoding = 4; lastKnownFileType = sourcecode.c.objc; path = MMDrawerController.m; sourceTree = "<group>"; };
		38DD08E71E7BD70A00388CAE /* MMDrawerVisualState.h */ = {isa = PBXFileReference; fileEncoding = 4; lastKnownFileType = sourcecode.c.h; path = MMDrawerVisualState.h; sourceTree = "<group>"; };
		38DD08E81E7BD70A00388CAE /* MMDrawerVisualState.m */ = {isa = PBXFileReference; fileEncoding = 4; lastKnownFileType = sourcecode.c.objc; path = MMDrawerVisualState.m; sourceTree = "<group>"; };
		38DD08E91E7BD70A00388CAE /* UIViewController+MMDrawerController.h */ = {isa = PBXFileReference; fileEncoding = 4; lastKnownFileType = sourcecode.c.h; path = "UIViewController+MMDrawerController.h"; sourceTree = "<group>"; };
		38DD08EA1E7BD70A00388CAE /* UIViewController+MMDrawerController.m */ = {isa = PBXFileReference; fileEncoding = 4; lastKnownFileType = sourcecode.c.objc; path = "UIViewController+MMDrawerController.m"; sourceTree = "<group>"; };
		38DD08EF1E7BD77D00388CAE /* LeftViewController.h */ = {isa = PBXFileReference; fileEncoding = 4; lastKnownFileType = sourcecode.c.h; path = LeftViewController.h; sourceTree = "<group>"; };
		38DD08F01E7BD77D00388CAE /* LeftViewController.m */ = {isa = PBXFileReference; fileEncoding = 4; lastKnownFileType = sourcecode.c.objc; path = LeftViewController.m; sourceTree = "<group>"; };
		38DD08F21E7BDA4700388CAE /* PrefixHeader.pch */ = {isa = PBXFileReference; lastKnownFileType = sourcecode.c.h; path = PrefixHeader.pch; sourceTree = "<group>"; };
		38DD09021E7BDDBB00388CAE /* bimar关于@3x.png */ = {isa = PBXFileReference; lastKnownFileType = image.png; path = "bimar关于@3x.png"; sourceTree = "<group>"; };
		38DD090B1E7BDDBB00388CAE /* bimar汉语@3x.png */ = {isa = PBXFileReference; lastKnownFileType = image.png; path = "bimar汉语@3x.png"; sourceTree = "<group>"; };
		38DD090C1E7BDDBB00388CAE /* bimar背景@3x.png */ = {isa = PBXFileReference; lastKnownFileType = image.png; path = "bimar背景@3x.png"; sourceTree = "<group>"; };
		38DD09101E7BDDBB00388CAE /* 列表更多@3x.png */ = {isa = PBXFileReference; lastKnownFileType = image.png; path = "列表更多@3x.png"; sourceTree = "<group>"; };
		38DD09111E7BDDBB00388CAE /* 左侧栏背景@3x.png */ = {isa = PBXFileReference; lastKnownFileType = image.png; path = "左侧栏背景@3x.png"; sourceTree = "<group>"; };
		38DD09381E7BE00600388CAE /* GWClientTabBarController.h */ = {isa = PBXFileReference; fileEncoding = 4; lastKnownFileType = sourcecode.c.h; path = GWClientTabBarController.h; sourceTree = "<group>"; };
		38DD09391E7BE00600388CAE /* GWClientTabBarController.m */ = {isa = PBXFileReference; fileEncoding = 4; lastKnownFileType = sourcecode.c.objc; path = GWClientTabBarController.m; sourceTree = "<group>"; };
		38DD093B1E7BE0BC00388CAE /* DocViewController.h */ = {isa = PBXFileReference; fileEncoding = 4; lastKnownFileType = sourcecode.c.h; path = DocViewController.h; sourceTree = "<group>"; };
		38DD093C1E7BE0BC00388CAE /* DocViewController.m */ = {isa = PBXFileReference; fileEncoding = 4; lastKnownFileType = sourcecode.c.objc; path = DocViewController.m; sourceTree = "<group>"; };
		38DD093E1E7BE0E300388CAE /* TransferListViewController.h */ = {isa = PBXFileReference; fileEncoding = 4; lastKnownFileType = sourcecode.c.h; path = TransferListViewController.h; sourceTree = "<group>"; };
		38DD093F1E7BE0E300388CAE /* TransferListViewController.m */ = {isa = PBXFileReference; fileEncoding = 4; lastKnownFileType = sourcecode.c.objc; path = TransferListViewController.m; sourceTree = "<group>"; };
		38DD09411E7BE0F300388CAE /* NewsViewController.h */ = {isa = PBXFileReference; fileEncoding = 4; lastKnownFileType = sourcecode.c.h; path = NewsViewController.h; sourceTree = "<group>"; };
		38DD09421E7BE0F300388CAE /* NewsViewController.m */ = {isa = PBXFileReference; fileEncoding = 4; lastKnownFileType = sourcecode.c.objc; path = NewsViewController.m; sourceTree = "<group>"; };
		38DD09451E7BE53900388CAE /* UIImage+RTTint.h */ = {isa = PBXFileReference; fileEncoding = 4; lastKnownFileType = sourcecode.c.h; path = "UIImage+RTTint.h"; sourceTree = "<group>"; };
		38DD09461E7BE53900388CAE /* UIImage+RTTint.m */ = {isa = PBXFileReference; fileEncoding = 4; lastKnownFileType = sourcecode.c.objc; path = "UIImage+RTTint.m"; sourceTree = "<group>"; };
		38E700501E7A895600336BDB /* GWClient.app */ = {isa = PBXFileReference; explicitFileType = wrapper.application; includeInIndex = 0; path = GWClient.app; sourceTree = BUILT_PRODUCTS_DIR; };
		38E700541E7A895600336BDB /* main.m */ = {isa = PBXFileReference; lastKnownFileType = sourcecode.c.objc; path = main.m; sourceTree = "<group>"; };
		38E7005D1E7A895600336BDB /* Base */ = {isa = PBXFileReference; lastKnownFileType = file.storyboard; name = Base; path = Base.lproj/Main.storyboard; sourceTree = "<group>"; };
		38E7005F1E7A895600336BDB /* Assets.xcassets */ = {isa = PBXFileReference; lastKnownFileType = folder.assetcatalog; path = Assets.xcassets; sourceTree = "<group>"; };
		38E700621E7A895600336BDB /* Base */ = {isa = PBXFileReference; lastKnownFileType = file.storyboard; name = Base; path = Base.lproj/LaunchScreen.storyboard; sourceTree = "<group>"; };
		38E700641E7A895600336BDB /* Info.plist */ = {isa = PBXFileReference; lastKnownFileType = text.plist.xml; path = Info.plist; sourceTree = "<group>"; };
		38E700691E7A895600336BDB /* GWClientTests.xctest */ = {isa = PBXFileReference; explicitFileType = wrapper.cfbundle; includeInIndex = 0; path = GWClientTests.xctest; sourceTree = BUILT_PRODUCTS_DIR; };
		38E7006D1E7A895600336BDB /* GWClientTests.m */ = {isa = PBXFileReference; lastKnownFileType = sourcecode.c.objc; path = GWClientTests.m; sourceTree = "<group>"; };
		38E7006F1E7A895600336BDB /* Info.plist */ = {isa = PBXFileReference; lastKnownFileType = text.plist.xml; path = Info.plist; sourceTree = "<group>"; };
		38E700741E7A895600336BDB /* GWClientUITests.xctest */ = {isa = PBXFileReference; explicitFileType = wrapper.cfbundle; includeInIndex = 0; path = GWClientUITests.xctest; sourceTree = BUILT_PRODUCTS_DIR; };
		38E700781E7A895600336BDB /* GWClientUITests.m */ = {isa = PBXFileReference; lastKnownFileType = sourcecode.c.objc; path = GWClientUITests.m; sourceTree = "<group>"; };
		38E7007A1E7A895600336BDB /* Info.plist */ = {isa = PBXFileReference; lastKnownFileType = text.plist.xml; path = Info.plist; sourceTree = "<group>"; };
		38E700871E7A8A4400336BDB /* AppDelegate.h */ = {isa = PBXFileReference; fileEncoding = 4; lastKnownFileType = sourcecode.c.h; path = AppDelegate.h; sourceTree = "<group>"; };
		38E700881E7A8A4400336BDB /* AppDelegate.m */ = {isa = PBXFileReference; fileEncoding = 4; lastKnownFileType = sourcecode.c.objc; path = AppDelegate.m; sourceTree = "<group>"; };
		7B024AE4A39E839699E31544 /* Pods-GWClient.release.xcconfig */ = {isa = PBXFileReference; includeInIndex = 1; lastKnownFileType = text.xcconfig; name = "Pods-GWClient.release.xcconfig"; path = "Pods/Target Support Files/Pods-GWClient/Pods-GWClient.release.xcconfig"; sourceTree = "<group>"; };
		85EAFB1B0D449F7E161A03DE /* Pods-GWClient.debug.xcconfig */ = {isa = PBXFileReference; includeInIndex = 1; lastKnownFileType = text.xcconfig; name = "Pods-GWClient.debug.xcconfig"; path = "Pods/Target Support Files/Pods-GWClient/Pods-GWClient.debug.xcconfig"; sourceTree = "<group>"; };
		EBD66F9DE551711E1FFEB575 /* libPods-GWClient.a */ = {isa = PBXFileReference; explicitFileType = archive.ar; includeInIndex = 0; path = "libPods-GWClient.a"; sourceTree = BUILT_PRODUCTS_DIR; };
/* End PBXFileReference section */

/* Begin PBXFrameworksBuildPhase section */
		38E7004D1E7A895600336BDB /* Frameworks */ = {
			isa = PBXFrameworksBuildPhase;
			buildActionMask = 2147483647;
			files = (
				1FB87A4F85601591022BDD0A /* libPods-GWClient.a in Frameworks */,
			);
			runOnlyForDeploymentPostprocessing = 0;
		};
		38E700661E7A895600336BDB /* Frameworks */ = {
			isa = PBXFrameworksBuildPhase;
			buildActionMask = 2147483647;
			files = (
			);
			runOnlyForDeploymentPostprocessing = 0;
		};
		38E700711E7A895600336BDB /* Frameworks */ = {
			isa = PBXFrameworksBuildPhase;
			buildActionMask = 2147483647;
			files = (
			);
			runOnlyForDeploymentPostprocessing = 0;
		};
/* End PBXFrameworksBuildPhase section */

/* Begin PBXGroup section */
		011780F4B468E51862F6F7E9 /* Pods */ = {
			isa = PBXGroup;
			children = (
				85EAFB1B0D449F7E161A03DE /* Pods-GWClient.debug.xcconfig */,
				7B024AE4A39E839699E31544 /* Pods-GWClient.release.xcconfig */,
			);
			name = Pods;
			sourceTree = "<group>";
		};
		3817DBF61E80CA1600FC72C1 /* 个人信息 */ = {
			isa = PBXGroup;
			children = (
				3817DBFB1E80CAA000FC72C1 /* UserInfoViewController.h */,
				3817DBFC1E80CAA000FC72C1 /* UserInfoViewController.m */,
				383416991E8248DE00546AB0 /* ModifyHeadIconViewController.h */,
				3834169A1E8248DE00546AB0 /* ModifyHeadIconViewController.m */,
				3817DBF71E80CAA000FC72C1 /* ModifySignatureViewController.h */,
				3817DBF81E80CAA000FC72C1 /* ModifySignatureViewController.m */,
				3817DBF91E80CAA000FC72C1 /* ModifyViewController.h */,
				3817DBFA1E80CAA000FC72C1 /* ModifyViewController.m */,
			);
			path = "个人信息";
			sourceTree = "<group>";
		};
		383416831E82020300546AB0 /* MBProgressHUD */ = {
			isa = PBXGroup;
			children = (
				383416841E82020300546AB0 /* MBProgressHUD.h */,
				383416851E82020300546AB0 /* MBProgressHUD.m */,
			);
			path = MBProgressHUD;
			sourceTree = "<group>";
		};
		3834169C1E8254C800546AB0 /* ImageCodec */ = {
			isa = PBXGroup;
			children = (
				3834169D1E8254C800546AB0 /* GWImagesDecoder.h */,
				3834169E1E8254C800546AB0 /* GWImagesDecoder.m */,
				3834169F1E8254C800546AB0 /* GWImagesEncoder.h */,
				383416A01E8254C800546AB0 /* GWImagesEncoder.m */,
			);
			path = ImageCodec;
			sourceTree = "<group>";
		};
		383CC0001E7F6DAE00C62B29 /* Views */ = {
			isa = PBXGroup;
			children = (
				383CC0011E7F6DCE00C62B29 /* LeftVCTableViewCell.h */,
				383CC0021E7F6DCE00C62B29 /* LeftVCTableViewCell.m */,
				383CC0631E7FB52700C62B29 /* UserInfoTableViewCell.h */,
				383CC0641E7FB52700C62B29 /* UserInfoTableViewCell.m */,
			);
			path = Views;
			sourceTree = "<group>";
		};
		38DD07F91E7BD48F00388CAE /* ViewControllers */ = {
			isa = PBXGroup;
			children = (
				3817DBF61E80CA1600FC72C1 /* 个人信息 */,
				38DD08EF1E7BD77D00388CAE /* LeftViewController.h */,
				38DD08F01E7BD77D00388CAE /* LeftViewController.m */,
				38C7F04F1E7FF92500B1DBA8 /* LoginViewController.h */,
				38C7F04E1E7FF92500B1DBA8 /* LoginViewController.m */,
				3817DC091E810FDA00FC72C1 /* RegisterViewController.h */,
				3817DC0A1E810FDA00FC72C1 /* RegisterViewController.m */,
				38DD09381E7BE00600388CAE /* GWClientTabBarController.h */,
				38DD09391E7BE00600388CAE /* GWClientTabBarController.m */,
				38DD093B1E7BE0BC00388CAE /* DocViewController.h */,
				38DD093C1E7BE0BC00388CAE /* DocViewController.m */,
				38DD093E1E7BE0E300388CAE /* TransferListViewController.h */,
				38DD093F1E7BE0E300388CAE /* TransferListViewController.m */,
				38DD09411E7BE0F300388CAE /* NewsViewController.h */,
				38DD09421E7BE0F300388CAE /* NewsViewController.m */,
				383CC0061E7F713400C62B29 /* SettingViewController.h */,
				383CC0071E7F713400C62B29 /* SettingViewController.m */,
			);
			path = ViewControllers;
			sourceTree = "<group>";
		};
		38DD07FA1E7BD4A500388CAE /* Models */ = {
			isa = PBXGroup;
			children = (
				383CC0091E7F79C500C62B29 /* UserInfoModel.h */,
				383CC00A1E7F79C500C62B29 /* UserInfoModel.m */,
				3817DC0C1E811EC900FC72C1 /* UserLogin.h */,
				3817DC0D1E811EC900FC72C1 /* UserLogin.m */,
			);
			path = Models;
			sourceTree = "<group>";
		};
		38DD07FB1E7BD4B700388CAE /* 3rd */ = {
			isa = PBXGroup;
			children = (
				383416831E82020300546AB0 /* MBProgressHUD */,
				38DD08E11E7BD70A00388CAE /* MMDrawerController */,
				38DD08701E7BD63C00388CAE /* RHSocketKit */,
			);
			path = 3rd;
			sourceTree = "<group>";
		};
		38DD08701E7BD63C00388CAE /* RHSocketKit */ = {
			isa = PBXGroup;
			children = (
				38DD08711E7BD63C00388CAE /* Core */,
				38DD08A91E7BD63C00388CAE /* Extend */,
				38DD08AC1E7BD63C00388CAE /* RPC */,
				38DD08BD1E7BD63C00388CAE /* WebSocket */,
			);
			path = RHSocketKit;
			sourceTree = "<group>";
		};
		38DD08711E7BD63C00388CAE /* Core */ = {
			isa = PBXGroup;
			children = (
				38DD08721E7BD63C00388CAE /* Channel */,
				38DD08791E7BD63C00388CAE /* Codec */,
				38DD089E1E7BD63C00388CAE /* Exception */,
				38DD08A11E7BD63C00388CAE /* Packet */,
				38DD08A51E7BD63C00388CAE /* RHSocketConfig.h */,
				38DD08A61E7BD63C00388CAE /* Utils */,
			);
			path = Core;
			sourceTree = "<group>";
		};
		38DD08721E7BD63C00388CAE /* Channel */ = {
			isa = PBXGroup;
			children = (
				38DD08731E7BD63C00388CAE /* RHSocketChannel.h */,
				38DD08741E7BD63C00388CAE /* RHSocketChannel.m */,
				38DD08751E7BD63C00388CAE /* RHSocketConnection.h */,
				38DD08761E7BD63C00388CAE /* RHSocketConnection.m */,
				38DD08771E7BD63C00388CAE /* RHSocketUdpConnection.h */,
				38DD08781E7BD63C00388CAE /* RHSocketUdpConnection.m */,
			);
			path = Channel;
			sourceTree = "<group>";
		};
		38DD08791E7BD63C00388CAE /* Codec */ = {
			isa = PBXGroup;
			children = (
				3834169C1E8254C800546AB0 /* ImageCodec */,
				38DD087A1E7BD63C00388CAE /* Base64Codec */,
				38DD087F1E7BD63C00388CAE /* CompressionCodec */,
				38DD08841E7BD63C00388CAE /* ProtobufCodec */,
				38DD08891E7BD63C00388CAE /* RHSocketCodecProtocol.h */,
				38DD088A1E7BD63C00388CAE /* RHSocketDelimiterDecoder.h */,
				38DD088B1E7BD63C00388CAE /* RHSocketDelimiterDecoder.m */,
				38DD088C1E7BD63C00388CAE /* RHSocketDelimiterEncoder.h */,
				38DD088D1E7BD63C00388CAE /* RHSocketDelimiterEncoder.m */,
				38367FDF1E835D0800CC7DDB /* RHSocketVariableLengthDecoder.h */,
				38367FE01E835D0800CC7DDB /* RHSocketVariableLengthDecoder.m */,
				38367FE11E835D0800CC7DDB /* RHSocketVariableLengthEncoder.h */,
				38367FE21E835D0800CC7DDB /* RHSocketVariableLengthEncoder.m */,
				38DD08921E7BD63C00388CAE /* SerializationCodec */,
				38DD08991E7BD63C00388CAE /* StringCodec */,
			);
			path = Codec;
			sourceTree = "<group>";
		};
		38DD087A1E7BD63C00388CAE /* Base64Codec */ = {
			isa = PBXGroup;
			children = (
				38DD087B1E7BD63C00388CAE /* RHSocketBase64Decoder.h */,
				38DD087C1E7BD63C00388CAE /* RHSocketBase64Decoder.m */,
				38DD087D1E7BD63C00388CAE /* RHSocketBase64Encoder.h */,
				38DD087E1E7BD63C00388CAE /* RHSocketBase64Encoder.m */,
			);
			path = Base64Codec;
			sourceTree = "<group>";
		};
		38DD087F1E7BD63C00388CAE /* CompressionCodec */ = {
			isa = PBXGroup;
			children = (
				38DD08801E7BD63C00388CAE /* RHSocketZlibCompressionDecoder.h */,
				38DD08811E7BD63C00388CAE /* RHSocketZlibCompressionDecoder.m */,
				38DD08821E7BD63C00388CAE /* RHSocketZlibCompressionEncoder.h */,
				38DD08831E7BD63C00388CAE /* RHSocketZlibCompressionEncoder.m */,
			);
			path = CompressionCodec;
			sourceTree = "<group>";
		};
		38DD08841E7BD63C00388CAE /* ProtobufCodec */ = {
			isa = PBXGroup;
			children = (
				38DD08851E7BD63C00388CAE /* RHSocketProtobufDecoder.h */,
				38DD08861E7BD63C00388CAE /* RHSocketProtobufDecoder.m */,
				38DD08871E7BD63C00388CAE /* RHSocketProtobufEncoder.h */,
				38DD08881E7BD63C00388CAE /* RHSocketProtobufEncoder.m */,
			);
			path = ProtobufCodec;
			sourceTree = "<group>";
		};
		38DD08921E7BD63C00388CAE /* SerializationCodec */ = {
			isa = PBXGroup;
			children = (
				38DD08931E7BD63C00388CAE /* NSDictionary+RHSocket.h */,
				38DD08941E7BD63C00388CAE /* NSDictionary+RHSocket.m */,
				38DD08951E7BD63C00388CAE /* RHSocketJSONSerializationDecoder.h */,
				38DD08961E7BD63C00388CAE /* RHSocketJSONSerializationDecoder.m */,
				38DD08971E7BD63C00388CAE /* RHSocketJSONSerializationEncoder.h */,
				38DD08981E7BD63C00388CAE /* RHSocketJSONSerializationEncoder.m */,
			);
			path = SerializationCodec;
			sourceTree = "<group>";
		};
		38DD08991E7BD63C00388CAE /* StringCodec */ = {
			isa = PBXGroup;
			children = (
				38DD089A1E7BD63C00388CAE /* RHSocketStringDecoder.h */,
				38DD089B1E7BD63C00388CAE /* RHSocketStringDecoder.m */,
				38DD089C1E7BD63C00388CAE /* RHSocketStringEncoder.h */,
				38DD089D1E7BD63C00388CAE /* RHSocketStringEncoder.m */,
			);
			path = StringCodec;
			sourceTree = "<group>";
		};
		38DD089E1E7BD63C00388CAE /* Exception */ = {
			isa = PBXGroup;
			children = (
				38DD089F1E7BD63C00388CAE /* RHSocketException.h */,
				38DD08A01E7BD63C00388CAE /* RHSocketException.m */,
			);
			path = Exception;
			sourceTree = "<group>";
		};
		38DD08A11E7BD63C00388CAE /* Packet */ = {
			isa = PBXGroup;
			children = (
				38DD08A21E7BD63C00388CAE /* RHSocketPacket.h */,
				38DD08A31E7BD63C00388CAE /* RHSocketPacketContext.h */,
				38DD08A41E7BD63C00388CAE /* RHSocketPacketContext.m */,
			);
			path = Packet;
			sourceTree = "<group>";
		};
		38DD08A61E7BD63C00388CAE /* Utils */ = {
			isa = PBXGroup;
			children = (
				38DD08A71E7BD63C00388CAE /* RHSocketUtils.h */,
				38DD08A81E7BD63C00388CAE /* RHSocketUtils.m */,
			);
			path = Utils;
			sourceTree = "<group>";
		};
		38DD08A91E7BD63C00388CAE /* Extend */ = {
			isa = PBXGroup;
			children = (
				38DD08AA1E7BD63C00388CAE /* RHSocketService.h */,
				38DD08AB1E7BD63C00388CAE /* RHSocketService.m */,
			);
			path = Extend;
			sourceTree = "<group>";
		};
		38DD08AC1E7BD63C00388CAE /* RPC */ = {
			isa = PBXGroup;
			children = (
				38DD08AD1E7BD63C00388CAE /* CallReply */,
				38DD08B41E7BD63C00388CAE /* RHSocketCallReplyManager.h */,
				38DD08B51E7BD63C00388CAE /* RHSocketCallReplyManager.m */,
				38DD08B61E7BD63C00388CAE /* RHSocketCallReplyProtocol.h */,
				38DD08B71E7BD63C00388CAE /* RHSocketChannelProxy.h */,
				38DD08B81E7BD63C00388CAE /* RHSocketChannelProxy.m */,
				38DD08B91E7BD63C00388CAE /* RHSocketRpcCmdDecoder.h */,
				38DD08BA1E7BD63C00388CAE /* RHSocketRpcCmdDecoder.m */,
				38DD08BB1E7BD63C00388CAE /* RHSocketRpcCmdEncoder.h */,
				38DD08BC1E7BD63C00388CAE /* RHSocketRpcCmdEncoder.m */,
			);
			path = RPC;
			sourceTree = "<group>";
		};
		38DD08AD1E7BD63C00388CAE /* CallReply */ = {
			isa = PBXGroup;
			children = (
				38DD08AE1E7BD63C00388CAE /* RHAuthCallReply.h */,
				38DD08AF1E7BD63C00388CAE /* RHAuthCallReply.m */,
				38DD08B01E7BD63C00388CAE /* RHConnectCallReply.h */,
				38DD08B11E7BD63C00388CAE /* RHConnectCallReply.m */,
				38DD08B21E7BD63C00388CAE /* RHSocketCallReply.h */,
				38DD08B31E7BD63C00388CAE /* RHSocketCallReply.m */,
			);
			path = CallReply;
			sourceTree = "<group>";
		};
		38DD08BD1E7BD63C00388CAE /* WebSocket */ = {
			isa = PBXGroup;
			children = (
				38DD08BE1E7BD63C00388CAE /* RHWebSocket.h */,
				38DD08BF1E7BD63C00388CAE /* RHWebSocket.m */,
				38DD08C01E7BD63C00388CAE /* RHWebSocketConfig.h */,
				38DD08C11E7BD63C00388CAE /* RHWebSocketConfig.m */,
			);
			path = WebSocket;
			sourceTree = "<group>";
		};
		38DD08E11E7BD70A00388CAE /* MMDrawerController */ = {
			isa = PBXGroup;
			children = (
				38DD08E21E7BD70A00388CAE /* MMDrawerBarButtonItem.h */,
				38DD08E31E7BD70A00388CAE /* MMDrawerBarButtonItem.m */,
				38DD08E41E7BD70A00388CAE /* MMDrawerController+Subclass.h */,
				38DD08E51E7BD70A00388CAE /* MMDrawerController.h */,
				38DD08E61E7BD70A00388CAE /* MMDrawerController.m */,
				38DD08E71E7BD70A00388CAE /* MMDrawerVisualState.h */,
				38DD08E81E7BD70A00388CAE /* MMDrawerVisualState.m */,
				38DD08E91E7BD70A00388CAE /* UIViewController+MMDrawerController.h */,
				38DD08EA1E7BD70A00388CAE /* UIViewController+MMDrawerController.m */,
			);
			path = MMDrawerController;
			sourceTree = "<group>";
		};
		38DD08F31E7BDDBB00388CAE /* resource */ = {
			isa = PBXGroup;
			children = (
				38C7F02E1E7FF0BA00B1DBA8 /* tabbar_contacts@2x.png */,
				38C7F02F1E7FF0BA00B1DBA8 /* tabbar_contacts@3x.png */,
				38C7F0301E7FF0BA00B1DBA8 /* tabbar_contactsHL@2x.png */,
				38C7F0311E7FF0BA00B1DBA8 /* tabbar_contactsHL@3x.png */,
				38C7F0321E7FF0BA00B1DBA8 /* tabbar_discover@2x.png */,
				38C7F0331E7FF0BA00B1DBA8 /* tabbar_discover@3x.png */,
				38C7F0341E7FF0BA00B1DBA8 /* tabbar_discoverHL@2x.png */,
				38C7F0351E7FF0BA00B1DBA8 /* tabbar_discoverHL@3x.png */,
				38C7F0361E7FF0BA00B1DBA8 /* tabbar_mainframe@2x.png */,
				38C7F0371E7FF0BA00B1DBA8 /* tabbar_mainframe@3x.png */,
				38C7F0381E7FF0BA00B1DBA8 /* tabbar_mainframeHL@2x.png */,
				38C7F0391E7FF0BA00B1DBA8 /* tabbar_mainframeHL@3x.png */,
				38C7F03A1E7FF0BA00B1DBA8 /* tabbar_me@2x.png */,
				38C7F03B1E7FF0BA00B1DBA8 /* tabbar_me@3x.png */,
				38C7F03C1E7FF0BA00B1DBA8 /* tabbar_meHL@2x.png */,
				38C7F03D1E7FF0BA00B1DBA8 /* tabbar_meHL@3x.png */,
				38DD09021E7BDDBB00388CAE /* bimar关于@3x.png */,
				38DD090B1E7BDDBB00388CAE /* bimar汉语@3x.png */,
				38DD090C1E7BDDBB00388CAE /* bimar背景@3x.png */,
				38DD09101E7BDDBB00388CAE /* 列表更多@3x.png */,
				38DD09111E7BDDBB00388CAE /* 左侧栏背景@3x.png */,
				383CC0041E7F702D00C62B29 /* 箭头@3x.png */,
			);
			path = resource;
			sourceTree = "<group>";
		};
		38DD09441E7BE51400388CAE /* Tools */ = {
			isa = PBXGroup;
			children = (
				383CBFFD1E7F68A000C62B29 /* UILabel+GPAligment.h */,
				383CBFFE1E7F68A000C62B29 /* UILabel+GPAligment.m */,
				38DD09451E7BE53900388CAE /* UIImage+RTTint.h */,
				38DD09461E7BE53900388CAE /* UIImage+RTTint.m */,
				3817DC061E81066600FC72C1 /* Utils.h */,
				3817DC071E81066600FC72C1 /* Utils.m */,
				383416961E822A5400546AB0 /* PhotoEdittViewController.h */,
				383416971E822A5400546AB0 /* PhotoEdittViewController.m */,
			);
			path = Tools;
			sourceTree = "<group>";
		};
		38E700471E7A895600336BDB = {
			isa = PBXGroup;
			children = (
				38E700521E7A895600336BDB /* GWClient */,
				38E7006C1E7A895600336BDB /* GWClientTests */,
				38E700771E7A895600336BDB /* GWClientUITests */,
				38E700511E7A895600336BDB /* Products */,
				011780F4B468E51862F6F7E9 /* Pods */,
				ABA7FAF3B190A75D77DEECE7 /* Frameworks */,
			);
			sourceTree = "<group>";
		};
		38E700511E7A895600336BDB /* Products */ = {
			isa = PBXGroup;
			children = (
				38E700501E7A895600336BDB /* GWClient.app */,
				38E700691E7A895600336BDB /* GWClientTests.xctest */,
				38E700741E7A895600336BDB /* GWClientUITests.xctest */,
			);
			name = Products;
			sourceTree = "<group>";
		};
		38E700521E7A895600336BDB /* GWClient */ = {
			isa = PBXGroup;
			children = (
				38DD08F31E7BDDBB00388CAE /* resource */,
				383CC0001E7F6DAE00C62B29 /* Views */,
				38DD09441E7BE51400388CAE /* Tools */,
				38E700861E7A89EA00336BDB /* Application */,
				38DD07FB1E7BD4B700388CAE /* 3rd */,
				38DD07FA1E7BD4A500388CAE /* Models */,
				38DD07F91E7BD48F00388CAE /* ViewControllers */,
				38E7005C1E7A895600336BDB /* Main.storyboard */,
				38E7005F1E7A895600336BDB /* Assets.xcassets */,
				38E700611E7A895600336BDB /* LaunchScreen.storyboard */,
				38E700641E7A895600336BDB /* Info.plist */,
				38E700531E7A895600336BDB /* Supporting Files */,
			);
			path = GWClient;
			sourceTree = "<group>";
		};
		38E700531E7A895600336BDB /* Supporting Files */ = {
			isa = PBXGroup;
			children = (
				38E700541E7A895600336BDB /* main.m */,
			);
			name = "Supporting Files";
			sourceTree = "<group>";
		};
		38E7006C1E7A895600336BDB /* GWClientTests */ = {
			isa = PBXGroup;
			children = (
				38E7006D1E7A895600336BDB /* GWClientTests.m */,
				38E7006F1E7A895600336BDB /* Info.plist */,
			);
			path = GWClientTests;
			sourceTree = "<group>";
		};
		38E700771E7A895600336BDB /* GWClientUITests */ = {
			isa = PBXGroup;
			children = (
				38E700781E7A895600336BDB /* GWClientUITests.m */,
				38E7007A1E7A895600336BDB /* Info.plist */,
			);
			path = GWClientUITests;
			sourceTree = "<group>";
		};
		38E700861E7A89EA00336BDB /* Application */ = {
			isa = PBXGroup;
			children = (
				38E700871E7A8A4400336BDB /* AppDelegate.h */,
				38E700881E7A8A4400336BDB /* AppDelegate.m */,
				38DD08F21E7BDA4700388CAE /* PrefixHeader.pch */,
				383CC0101E7F7F6300C62B29 /* Define.h */,
			);
			path = Application;
			sourceTree = "<group>";
		};
		ABA7FAF3B190A75D77DEECE7 /* Frameworks */ = {
			isa = PBXGroup;
			children = (
				EBD66F9DE551711E1FFEB575 /* libPods-GWClient.a */,
			);
			name = Frameworks;
			sourceTree = "<group>";
		};
/* End PBXGroup section */

/* Begin PBXNativeTarget section */
		38E7004F1E7A895600336BDB /* GWClient */ = {
			isa = PBXNativeTarget;
			buildConfigurationList = 38E7007D1E7A895600336BDB /* Build configuration list for PBXNativeTarget "GWClient" */;
			buildPhases = (
				2949E88501D14B6CF6925FB0 /* [CP] Check Pods Manifest.lock */,
				38E7004C1E7A895600336BDB /* Sources */,
				38E7004D1E7A895600336BDB /* Frameworks */,
				38E7004E1E7A895600336BDB /* Resources */,
				267258F0220B499061DAFC1A /* [CP] Embed Pods Frameworks */,
				9F890982AFD3D36386F31568 /* [CP] Copy Pods Resources */,
			);
			buildRules = (
			);
			dependencies = (
			);
			name = GWClient;
			productName = GWClient;
			productReference = 38E700501E7A895600336BDB /* GWClient.app */;
			productType = "com.apple.product-type.application";
		};
		38E700681E7A895600336BDB /* GWClientTests */ = {
			isa = PBXNativeTarget;
			buildConfigurationList = 38E700801E7A895600336BDB /* Build configuration list for PBXNativeTarget "GWClientTests" */;
			buildPhases = (
				38E700651E7A895600336BDB /* Sources */,
				38E700661E7A895600336BDB /* Frameworks */,
				38E700671E7A895600336BDB /* Resources */,
			);
			buildRules = (
			);
			dependencies = (
				38E7006B1E7A895600336BDB /* PBXTargetDependency */,
			);
			name = GWClientTests;
			productName = GWClientTests;
			productReference = 38E700691E7A895600336BDB /* GWClientTests.xctest */;
			productType = "com.apple.product-type.bundle.unit-test";
		};
		38E700731E7A895600336BDB /* GWClientUITests */ = {
			isa = PBXNativeTarget;
			buildConfigurationList = 38E700831E7A895600336BDB /* Build configuration list for PBXNativeTarget "GWClientUITests" */;
			buildPhases = (
				38E700701E7A895600336BDB /* Sources */,
				38E700711E7A895600336BDB /* Frameworks */,
				38E700721E7A895600336BDB /* Resources */,
			);
			buildRules = (
			);
			dependencies = (
				38E700761E7A895600336BDB /* PBXTargetDependency */,
			);
			name = GWClientUITests;
			productName = GWClientUITests;
			productReference = 38E700741E7A895600336BDB /* GWClientUITests.xctest */;
			productType = "com.apple.product-type.bundle.ui-testing";
		};
/* End PBXNativeTarget section */

/* Begin PBXProject section */
		38E700481E7A895600336BDB /* Project object */ = {
			isa = PBXProject;
			attributes = {
				LastUpgradeCheck = 0820;
				ORGANIZATIONNAME = guiping;
				TargetAttributes = {
					38E7004F1E7A895600336BDB = {
						CreatedOnToolsVersion = 8.2.1;
						DevelopmentTeam = 3Q2MJ36ZMT;
						ProvisioningStyle = Automatic;
					};
					38E700681E7A895600336BDB = {
						CreatedOnToolsVersion = 8.2.1;
						DevelopmentTeam = 3Q2MJ36ZMT;
						ProvisioningStyle = Automatic;
						TestTargetID = 38E7004F1E7A895600336BDB;
					};
					38E700731E7A895600336BDB = {
						CreatedOnToolsVersion = 8.2.1;
						DevelopmentTeam = 3Q2MJ36ZMT;
						ProvisioningStyle = Automatic;
						TestTargetID = 38E7004F1E7A895600336BDB;
					};
				};
			};
			buildConfigurationList = 38E7004B1E7A895600336BDB /* Build configuration list for PBXProject "GWClient" */;
			compatibilityVersion = "Xcode 3.2";
			developmentRegion = English;
			hasScannedForEncodings = 0;
			knownRegions = (
				en,
				Base,
			);
			mainGroup = 38E700471E7A895600336BDB;
			productRefGroup = 38E700511E7A895600336BDB /* Products */;
			projectDirPath = "";
			projectRoot = "";
			targets = (
				38E7004F1E7A895600336BDB /* GWClient */,
				38E700681E7A895600336BDB /* GWClientTests */,
				38E700731E7A895600336BDB /* GWClientUITests */,
			);
		};
/* End PBXProject section */

/* Begin PBXResourcesBuildPhase section */
		38E7004E1E7A895600336BDB /* Resources */ = {
			isa = PBXResourcesBuildPhase;
			buildActionMask = 2147483647;
			files = (
				38C7F0481E7FF0BA00B1DBA8 /* tabbar_mainframeHL@2x.png in Resources */,
				38C7F04D1E7FF0BA00B1DBA8 /* tabbar_meHL@3x.png in Resources */,
				38C7F0441E7FF0BA00B1DBA8 /* tabbar_discoverHL@2x.png in Resources */,
				38E700631E7A895600336BDB /* LaunchScreen.storyboard in Resources */,
				38C7F0401E7FF0BA00B1DBA8 /* tabbar_contactsHL@2x.png in Resources */,
				38DD092E1E7BDDBB00388CAE /* bimar背景@3x.png in Resources */,
				38DD09331E7BDDBB00388CAE /* 左侧栏背景@3x.png in Resources */,
				38DD09241E7BDDBB00388CAE /* bimar关于@3x.png in Resources */,
				38C7F04A1E7FF0BA00B1DBA8 /* tabbar_me@2x.png in Resources */,
				38C7F03E1E7FF0BA00B1DBA8 /* tabbar_contacts@2x.png in Resources */,
				38DD09321E7BDDBB00388CAE /* 列表更多@3x.png in Resources */,
				38C7F0471E7FF0BA00B1DBA8 /* tabbar_mainframe@3x.png in Resources */,
				38DD092D1E7BDDBB00388CAE /* bimar汉语@3x.png in Resources */,
				38C7F0491E7FF0BA00B1DBA8 /* tabbar_mainframeHL@3x.png in Resources */,
				38E700601E7A895600336BDB /* Assets.xcassets in Resources */,
				38C7F04C1E7FF0BA00B1DBA8 /* tabbar_meHL@2x.png in Resources */,
				38C7F0421E7FF0BA00B1DBA8 /* tabbar_discover@2x.png in Resources */,
				38E7005E1E7A895600336BDB /* Main.storyboard in Resources */,
				38C7F0461E7FF0BA00B1DBA8 /* tabbar_mainframe@2x.png in Resources */,
				383CC0051E7F702D00C62B29 /* 箭头@3x.png in Resources */,
				38C7F03F1E7FF0BA00B1DBA8 /* tabbar_contacts@3x.png in Resources */,
				38C7F0411E7FF0BA00B1DBA8 /* tabbar_contactsHL@3x.png in Resources */,
				38C7F0431E7FF0BA00B1DBA8 /* tabbar_discover@3x.png in Resources */,
				38C7F0451E7FF0BA00B1DBA8 /* tabbar_discoverHL@3x.png in Resources */,
				38C7F04B1E7FF0BA00B1DBA8 /* tabbar_me@3x.png in Resources */,
			);
			runOnlyForDeploymentPostprocessing = 0;
		};
		38E700671E7A895600336BDB /* Resources */ = {
			isa = PBXResourcesBuildPhase;
			buildActionMask = 2147483647;
			files = (
			);
			runOnlyForDeploymentPostprocessing = 0;
		};
		38E700721E7A895600336BDB /* Resources */ = {
			isa = PBXResourcesBuildPhase;
			buildActionMask = 2147483647;
			files = (
			);
			runOnlyForDeploymentPostprocessing = 0;
		};
/* End PBXResourcesBuildPhase section */

/* Begin PBXShellScriptBuildPhase section */
		267258F0220B499061DAFC1A /* [CP] Embed Pods Frameworks */ = {
			isa = PBXShellScriptBuildPhase;
			buildActionMask = 2147483647;
			files = (
			);
			inputPaths = (
			);
			name = "[CP] Embed Pods Frameworks";
			outputPaths = (
			);
			runOnlyForDeploymentPostprocessing = 0;
			shellPath = /bin/sh;
			shellScript = "\"${SRCROOT}/Pods/Target Support Files/Pods-GWClient/Pods-GWClient-frameworks.sh\"\n";
			showEnvVarsInLog = 0;
		};
		2949E88501D14B6CF6925FB0 /* [CP] Check Pods Manifest.lock */ = {
			isa = PBXShellScriptBuildPhase;
			buildActionMask = 2147483647;
			files = (
			);
			inputPaths = (
			);
			name = "[CP] Check Pods Manifest.lock";
			outputPaths = (
			);
			runOnlyForDeploymentPostprocessing = 0;
			shellPath = /bin/sh;
			shellScript = "diff \"${PODS_ROOT}/../Podfile.lock\" \"${PODS_ROOT}/Manifest.lock\" > /dev/null\nif [ $? != 0 ] ; then\n    # print error to STDERR\n    echo \"error: The sandbox is not in sync with the Podfile.lock. Run 'pod install' or update your CocoaPods installation.\" >&2\n    exit 1\nfi\n";
			showEnvVarsInLog = 0;
		};
		9F890982AFD3D36386F31568 /* [CP] Copy Pods Resources */ = {
			isa = PBXShellScriptBuildPhase;
			buildActionMask = 2147483647;
			files = (
			);
			inputPaths = (
			);
			name = "[CP] Copy Pods Resources";
			outputPaths = (
			);
			runOnlyForDeploymentPostprocessing = 0;
			shellPath = /bin/sh;
			shellScript = "\"${SRCROOT}/Pods/Target Support Files/Pods-GWClient/Pods-GWClient-resources.sh\"\n";
			showEnvVarsInLog = 0;
		};
/* End PBXShellScriptBuildPhase section */

/* Begin PBXSourcesBuildPhase section */
		38E7004C1E7A895600336BDB /* Sources */ = {
			isa = PBXSourcesBuildPhase;
			buildActionMask = 2147483647;
			files = (
				38DD08CA1E7BD63C00388CAE /* RHSocketProtobufEncoder.m in Sources */,
				383CBFFF1E7F68A000C62B29 /* UILabel+GPAligment.m in Sources */,
				3817DC0E1E811EC900FC72C1 /* UserLogin.m in Sources */,
				38DD08DA1E7BD63C00388CAE /* RHSocketCallReply.m in Sources */,
				38DD08C21E7BD63C00388CAE /* RHSocketChannel.m in Sources */,
				38DD08D21E7BD63C00388CAE /* RHSocketStringDecoder.m in Sources */,
				383416A11E8254C800546AB0 /* GWImagesDecoder.m in Sources */,
				3817DBFF1E80CAA000FC72C1 /* UserInfoViewController.m in Sources */,
				38DD08D91E7BD63C00388CAE /* RHConnectCallReply.m in Sources */,
				38DD08EE1E7BD70A00388CAE /* UIViewController+MMDrawerController.m in Sources */,
				38DD09471E7BE53900388CAE /* UIImage+RTTint.m in Sources */,
				3817DBFE1E80CAA000FC72C1 /* ModifyViewController.m in Sources */,
				38DD08C71E7BD63C00388CAE /* RHSocketZlibCompressionDecoder.m in Sources */,
				383CC0651E7FB52700C62B29 /* UserInfoTableViewCell.m in Sources */,
				38DD08CB1E7BD63C00388CAE /* RHSocketDelimiterDecoder.m in Sources */,
				38DD08C61E7BD63C00388CAE /* RHSocketBase64Encoder.m in Sources */,
				38DD093D1E7BE0BC00388CAE /* DocViewController.m in Sources */,
				38DD08DB1E7BD63C00388CAE /* RHSocketCallReplyManager.m in Sources */,
				383416A21E8254C800546AB0 /* GWImagesEncoder.m in Sources */,
				38DD08C91E7BD63C00388CAE /* RHSocketProtobufDecoder.m in Sources */,
				38DD08ED1E7BD70A00388CAE /* MMDrawerVisualState.m in Sources */,
				38DD08D31E7BD63C00388CAE /* RHSocketStringEncoder.m in Sources */,
				38DD08DE1E7BD63C00388CAE /* RHSocketRpcCmdEncoder.m in Sources */,
				38DD08DF1E7BD63C00388CAE /* RHWebSocket.m in Sources */,
				383CC00B1E7F79C500C62B29 /* UserInfoModel.m in Sources */,
				38DD08C81E7BD63C00388CAE /* RHSocketZlibCompressionEncoder.m in Sources */,
				38367FE31E835D0800CC7DDB /* RHSocketVariableLengthDecoder.m in Sources */,
				38DD08DC1E7BD63C00388CAE /* RHSocketChannelProxy.m in Sources */,
				38DD08C41E7BD63C00388CAE /* RHSocketUdpConnection.m in Sources */,
				38E700551E7A895600336BDB /* main.m in Sources */,
				38DD08D81E7BD63C00388CAE /* RHAuthCallReply.m in Sources */,
				38DD08C51E7BD63C00388CAE /* RHSocketBase64Decoder.m in Sources */,
				38DD08F11E7BD77D00388CAE /* LeftViewController.m in Sources */,
				3817DC0B1E810FDA00FC72C1 /* RegisterViewController.m in Sources */,
				38DD08CC1E7BD63C00388CAE /* RHSocketDelimiterEncoder.m in Sources */,
				38DD09401E7BE0E300388CAE /* TransferListViewController.m in Sources */,
				3817DBFD1E80CAA000FC72C1 /* ModifySignatureViewController.m in Sources */,
				38367FE41E835D0800CC7DDB /* RHSocketVariableLengthEncoder.m in Sources */,
				38DD09431E7BE0F300388CAE /* NewsViewController.m in Sources */,
				383CC0031E7F6DCE00C62B29 /* LeftVCTableViewCell.m in Sources */,
				38DD08D51E7BD63C00388CAE /* RHSocketPacketContext.m in Sources */,
				38DD08CF1E7BD63C00388CAE /* NSDictionary+RHSocket.m in Sources */,
				38DD08C31E7BD63C00388CAE /* RHSocketConnection.m in Sources */,
				38DD08D41E7BD63C00388CAE /* RHSocketException.m in Sources */,
				38DD08EB1E7BD70A00388CAE /* MMDrawerBarButtonItem.m in Sources */,
				38DD08D01E7BD63C00388CAE /* RHSocketJSONSerializationDecoder.m in Sources */,
				38E700891E7A8A4400336BDB /* AppDelegate.m in Sources */,
				38C7F0501E7FF92500B1DBA8 /* LoginViewController.m in Sources */,
				38DD08D61E7BD63C00388CAE /* RHSocketUtils.m in Sources */,
				38DD093A1E7BE00600388CAE /* GWClientTabBarController.m in Sources */,
				38DD08D11E7BD63C00388CAE /* RHSocketJSONSerializationEncoder.m in Sources */,
				38DD08E01E7BD63C00388CAE /* RHWebSocketConfig.m in Sources */,
				3817DC081E81066600FC72C1 /* Utils.m in Sources */,
				383416981E822A5400546AB0 /* PhotoEdittViewController.m in Sources */,
				38DD08DD1E7BD63C00388CAE /* RHSocketRpcCmdDecoder.m in Sources */,
				3834169B1E8248DE00546AB0 /* ModifyHeadIconViewController.m in Sources */,
				38DD08EC1E7BD70A00388CAE /* MMDrawerController.m in Sources */,
				38DD08D71E7BD63C00388CAE /* RHSocketService.m in Sources */,
				383CC0081E7F713400C62B29 /* SettingViewController.m in Sources */,
				383416861E82020300546AB0 /* MBProgressHUD.m in Sources */,
			);
			runOnlyForDeploymentPostprocessing = 0;
		};
		38E700651E7A895600336BDB /* Sources */ = {
			isa = PBXSourcesBuildPhase;
			buildActionMask = 2147483647;
			files = (
				38E7006E1E7A895600336BDB /* GWClientTests.m in Sources */,
			);
			runOnlyForDeploymentPostprocessing = 0;
		};
		38E700701E7A895600336BDB /* Sources */ = {
			isa = PBXSourcesBuildPhase;
			buildActionMask = 2147483647;
			files = (
				38E700791E7A895600336BDB /* GWClientUITests.m in Sources */,
			);
			runOnlyForDeploymentPostprocessing = 0;
		};
/* End PBXSourcesBuildPhase section */

/* Begin PBXTargetDependency section */
		38E7006B1E7A895600336BDB /* PBXTargetDependency */ = {
			isa = PBXTargetDependency;
			target = 38E7004F1E7A895600336BDB /* GWClient */;
			targetProxy = 38E7006A1E7A895600336BDB /* PBXContainerItemProxy */;
		};
		38E700761E7A895600336BDB /* PBXTargetDependency */ = {
			isa = PBXTargetDependency;
			target = 38E7004F1E7A895600336BDB /* GWClient */;
			targetProxy = 38E700751E7A895600336BDB /* PBXContainerItemProxy */;
		};
/* End PBXTargetDependency section */

/* Begin PBXVariantGroup section */
		38E7005C1E7A895600336BDB /* Main.storyboard */ = {
			isa = PBXVariantGroup;
			children = (
				38E7005D1E7A895600336BDB /* Base */,
			);
			name = Main.storyboard;
			sourceTree = "<group>";
		};
		38E700611E7A895600336BDB /* LaunchScreen.storyboard */ = {
			isa = PBXVariantGroup;
			children = (
				38E700621E7A895600336BDB /* Base */,
			);
			name = LaunchScreen.storyboard;
			sourceTree = "<group>";
		};
/* End PBXVariantGroup section */

/* Begin XCBuildConfiguration section */
		38E7007B1E7A895600336BDB /* Debug */ = {
			isa = XCBuildConfiguration;
			buildSettings = {
				ALWAYS_SEARCH_USER_PATHS = NO;
				CLANG_ANALYZER_NONNULL = YES;
				CLANG_CXX_LANGUAGE_STANDARD = "gnu++0x";
				CLANG_CXX_LIBRARY = "libc++";
				CLANG_ENABLE_MODULES = YES;
				CLANG_ENABLE_OBJC_ARC = YES;
				CLANG_WARN_BOOL_CONVERSION = YES;
				CLANG_WARN_CONSTANT_CONVERSION = YES;
				CLANG_WARN_DIRECT_OBJC_ISA_USAGE = YES_ERROR;
				CLANG_WARN_DOCUMENTATION_COMMENTS = YES;
				CLANG_WARN_EMPTY_BODY = YES;
				CLANG_WARN_ENUM_CONVERSION = YES;
				CLANG_WARN_INFINITE_RECURSION = YES;
				CLANG_WARN_INT_CONVERSION = YES;
				CLANG_WARN_OBJC_ROOT_CLASS = YES_ERROR;
				CLANG_WARN_SUSPICIOUS_MOVE = YES;
				CLANG_WARN_UNREACHABLE_CODE = YES;
				CLANG_WARN__DUPLICATE_METHOD_MATCH = YES;
				"CODE_SIGN_IDENTITY[sdk=iphoneos*]" = "iPhone Developer";
				COPY_PHASE_STRIP = NO;
				DEBUG_INFORMATION_FORMAT = dwarf;
				ENABLE_STRICT_OBJC_MSGSEND = YES;
				ENABLE_TESTABILITY = YES;
				GCC_C_LANGUAGE_STANDARD = gnu99;
				GCC_DYNAMIC_NO_PIC = NO;
				GCC_NO_COMMON_BLOCKS = YES;
				GCC_OPTIMIZATION_LEVEL = 0;
				GCC_PREPROCESSOR_DEFINITIONS = (
					"DEBUG=1",
					"$(inherited)",
				);
				GCC_WARN_64_TO_32_BIT_CONVERSION = YES;
				GCC_WARN_ABOUT_RETURN_TYPE = YES_ERROR;
				GCC_WARN_UNDECLARED_SELECTOR = YES;
				GCC_WARN_UNINITIALIZED_AUTOS = YES_AGGRESSIVE;
				GCC_WARN_UNUSED_FUNCTION = YES;
				GCC_WARN_UNUSED_VARIABLE = YES;
				IPHONEOS_DEPLOYMENT_TARGET = 10.2;
				MTL_ENABLE_DEBUG_INFO = YES;
				ONLY_ACTIVE_ARCH = YES;
				SDKROOT = iphoneos;
			};
			name = Debug;
		};
		38E7007C1E7A895600336BDB /* Release */ = {
			isa = XCBuildConfiguration;
			buildSettings = {
				ALWAYS_SEARCH_USER_PATHS = NO;
				CLANG_ANALYZER_NONNULL = YES;
				CLANG_CXX_LANGUAGE_STANDARD = "gnu++0x";
				CLANG_CXX_LIBRARY = "libc++";
				CLANG_ENABLE_MODULES = YES;
				CLANG_ENABLE_OBJC_ARC = YES;
				CLANG_WARN_BOOL_CONVERSION = YES;
				CLANG_WARN_CONSTANT_CONVERSION = YES;
				CLANG_WARN_DIRECT_OBJC_ISA_USAGE = YES_ERROR;
				CLANG_WARN_DOCUMENTATION_COMMENTS = YES;
				CLANG_WARN_EMPTY_BODY = YES;
				CLANG_WARN_ENUM_CONVERSION = YES;
				CLANG_WARN_INFINITE_RECURSION = YES;
				CLANG_WARN_INT_CONVERSION = YES;
				CLANG_WARN_OBJC_ROOT_CLASS = YES_ERROR;
				CLANG_WARN_SUSPICIOUS_MOVE = YES;
				CLANG_WARN_UNREACHABLE_CODE = YES;
				CLANG_WARN__DUPLICATE_METHOD_MATCH = YES;
				"CODE_SIGN_IDENTITY[sdk=iphoneos*]" = "iPhone Developer";
				COPY_PHASE_STRIP = NO;
				DEBUG_INFORMATION_FORMAT = "dwarf-with-dsym";
				ENABLE_NS_ASSERTIONS = NO;
				ENABLE_STRICT_OBJC_MSGSEND = YES;
				GCC_C_LANGUAGE_STANDARD = gnu99;
				GCC_NO_COMMON_BLOCKS = YES;
				GCC_WARN_64_TO_32_BIT_CONVERSION = YES;
				GCC_WARN_ABOUT_RETURN_TYPE = YES_ERROR;
				GCC_WARN_UNDECLARED_SELECTOR = YES;
				GCC_WARN_UNINITIALIZED_AUTOS = YES_AGGRESSIVE;
				GCC_WARN_UNUSED_FUNCTION = YES;
				GCC_WARN_UNUSED_VARIABLE = YES;
				IPHONEOS_DEPLOYMENT_TARGET = 10.2;
				MTL_ENABLE_DEBUG_INFO = NO;
				SDKROOT = iphoneos;
				VALIDATE_PRODUCT = YES;
			};
			name = Release;
		};
		38E7007E1E7A895600336BDB /* Debug */ = {
			isa = XCBuildConfiguration;
			baseConfigurationReference = 85EAFB1B0D449F7E161A03DE /* Pods-GWClient.debug.xcconfig */;
			buildSettings = {
				ASSETCATALOG_COMPILER_APPICON_NAME = AppIcon;
				DEVELOPMENT_TEAM = 3Q2MJ36ZMT;
				GCC_PREFIX_HEADER = "$(SRCROOT)/GWClient/Application/PrefixHeader.pch";
				INFOPLIST_FILE = GWClient/Info.plist;
				IPHONEOS_DEPLOYMENT_TARGET = 8.0;
				LD_RUNPATH_SEARCH_PATHS = "$(inherited) @executable_path/Frameworks";
				PRODUCT_BUNDLE_IDENTIFIER = com.galaxyWind.warmwin;
				PRODUCT_NAME = "$(TARGET_NAME)";
			};
			name = Debug;
		};
		38E7007F1E7A895600336BDB /* Release */ = {
			isa = XCBuildConfiguration;
			baseConfigurationReference = 7B024AE4A39E839699E31544 /* Pods-GWClient.release.xcconfig */;
			buildSettings = {
				ASSETCATALOG_COMPILER_APPICON_NAME = AppIcon;
				DEVELOPMENT_TEAM = 3Q2MJ36ZMT;
				GCC_PREFIX_HEADER = "$(SRCROOT)/GWClient/Application/PrefixHeader.pch";
				INFOPLIST_FILE = GWClient/Info.plist;
				IPHONEOS_DEPLOYMENT_TARGET = 8.0;
				LD_RUNPATH_SEARCH_PATHS = "$(inherited) @executable_path/Frameworks";
				PRODUCT_BUNDLE_IDENTIFIER = com.galaxyWind.warmwin;
				PRODUCT_NAME = "$(TARGET_NAME)";
			};
			name = Release;
		};
		38E700811E7A895600336BDB /* Debug */ = {
			isa = XCBuildConfiguration;
			buildSettings = {
				BUNDLE_LOADER = "$(TEST_HOST)";
				DEVELOPMENT_TEAM = 3Q2MJ36ZMT;
				INFOPLIST_FILE = GWClientTests/Info.plist;
				LD_RUNPATH_SEARCH_PATHS = "$(inherited) @executable_path/Frameworks @loader_path/Frameworks";
				PRODUCT_BUNDLE_IDENTIFIER = com.galaxyWind.GWClientTests;
				PRODUCT_NAME = "$(TARGET_NAME)";
				TEST_HOST = "$(BUILT_PRODUCTS_DIR)/GWClient.app/GWClient";
			};
			name = Debug;
		};
		38E700821E7A895600336BDB /* Release */ = {
			isa = XCBuildConfiguration;
			buildSettings = {
				BUNDLE_LOADER = "$(TEST_HOST)";
				DEVELOPMENT_TEAM = 3Q2MJ36ZMT;
				INFOPLIST_FILE = GWClientTests/Info.plist;
				LD_RUNPATH_SEARCH_PATHS = "$(inherited) @executable_path/Frameworks @loader_path/Frameworks";
				PRODUCT_BUNDLE_IDENTIFIER = com.galaxyWind.GWClientTests;
				PRODUCT_NAME = "$(TARGET_NAME)";
				TEST_HOST = "$(BUILT_PRODUCTS_DIR)/GWClient.app/GWClient";
			};
			name = Release;
		};
		38E700841E7A895600336BDB /* Debug */ = {
			isa = XCBuildConfiguration;
			buildSettings = {
				DEVELOPMENT_TEAM = 3Q2MJ36ZMT;
				INFOPLIST_FILE = GWClientUITests/Info.plist;
				LD_RUNPATH_SEARCH_PATHS = "$(inherited) @executable_path/Frameworks @loader_path/Frameworks";
				PRODUCT_BUNDLE_IDENTIFIER = com.galaxyWind.GWClientUITests;
				PRODUCT_NAME = "$(TARGET_NAME)";
				TEST_TARGET_NAME = GWClient;
			};
			name = Debug;
		};
		38E700851E7A895600336BDB /* Release */ = {
			isa = XCBuildConfiguration;
			buildSettings = {
				DEVELOPMENT_TEAM = 3Q2MJ36ZMT;
				INFOPLIST_FILE = GWClientUITests/Info.plist;
				LD_RUNPATH_SEARCH_PATHS = "$(inherited) @executable_path/Frameworks @loader_path/Frameworks";
				PRODUCT_BUNDLE_IDENTIFIER = com.galaxyWind.GWClientUITests;
				PRODUCT_NAME = "$(TARGET_NAME)";
				TEST_TARGET_NAME = GWClient;
			};
			name = Release;
		};
/* End XCBuildConfiguration section */

/* Begin XCConfigurationList section */
		38E7004B1E7A895600336BDB /* Build configuration list for PBXProject "GWClient" */ = {
			isa = XCConfigurationList;
			buildConfigurations = (
				38E7007B1E7A895600336BDB /* Debug */,
				38E7007C1E7A895600336BDB /* Release */,
			);
			defaultConfigurationIsVisible = 0;
			defaultConfigurationName = Release;
		};
		38E7007D1E7A895600336BDB /* Build configuration list for PBXNativeTarget "GWClient" */ = {
			isa = XCConfigurationList;
			buildConfigurations = (
				38E7007E1E7A895600336BDB /* Debug */,
				38E7007F1E7A895600336BDB /* Release */,
			);
			defaultConfigurationIsVisible = 0;
			defaultConfigurationName = Release;
		};
		38E700801E7A895600336BDB /* Build configuration list for PBXNativeTarget "GWClientTests" */ = {
			isa = XCConfigurationList;
			buildConfigurations = (
				38E700811E7A895600336BDB /* Debug */,
				38E700821E7A895600336BDB /* Release */,
			);
			defaultConfigurationIsVisible = 0;
			defaultConfigurationName = Release;
		};
		38E700831E7A895600336BDB /* Build configuration list for PBXNativeTarget "GWClientUITests" */ = {
			isa = XCConfigurationList;
			buildConfigurations = (
				38E700841E7A895600336BDB /* Debug */,
				38E700851E7A895600336BDB /* Release */,
			);
			defaultConfigurationIsVisible = 0;
			defaultConfigurationName = Release;
		};
/* End XCConfigurationList section */
	};
	rootObject = 38E700481E7A895600336BDB /* Project object */;
}
